// !$*UTF8*$!
{
	archiveVersion = 1;
	classes = {
	};
	objectVersion = 56;
	objects = {

/* Begin PBXBuildFile section */
		CB2CDF002924E8D900E81836 /* PasteDirectTests.swift in Sources */ = {isa = PBXBuildFile; fileRef = CB2CDEFF2924E8D900E81836 /* PasteDirectTests.swift */; };
		CB2CDF0A2924E8D900E81836 /* PasteDirectUITests.swift in Sources */ = {isa = PBXBuildFile; fileRef = CB2CDF092924E8D900E81836 /* PasteDirectUITests.swift */; };
		CB2CDF0C2924E8D900E81836 /* PasteDirectUITestsLaunchTests.swift in Sources */ = {isa = PBXBuildFile; fileRef = CB2CDF0B2924E8D900E81836 /* PasteDirectUITestsLaunchTests.swift */; };
		CB9986F62925FF46007E585C /* KeyboardShortcuts in Frameworks */ = {isa = PBXBuildFile; productRef = CB9986F52925FF46007E585C /* KeyboardShortcuts */; };
		CB9986FF29260015007E585C /* SQLite in Frameworks */ = {isa = PBXBuildFile; productRef = CB9986FE29260015007E585C /* SQLite */; };
		CB99870229260372007E585C /* SnapKit in Frameworks */ = {isa = PBXBuildFile; productRef = CB99870129260372007E585C /* SnapKit */; };
		CBD1CACA2F87B2A6003ACBD7 /* UIImageColors.swift in Sources */ = {isa = PBXBuildFile; fileRef = CBD1CAC22F87B2A6003ACBD7 /* UIImageColors.swift */; };
		CBD1CACB2F87B2A6003ACBD7 /* RulesDetailView.swift in Sources */ = {isa = PBXBuildFile; fileRef = CBD1CAA92F87B2A6003ACBD7 /* RulesDetailView.swift */; };
		CBD1CACC2F87B2A6003ACBD7 /* PasteEffectImageView.swift in Sources */ = {isa = PBXBuildFile; fileRef = CBD1CA932F87B2A6003ACBD7 /* PasteEffectImageView.swift */; };
		CBD1CACD2F87B2A6003ACBD7 /* SettingsView.swift in Sources */ = {isa = PBXBuildFile; fileRef = CBD1CAAB2F87B2A6003ACBD7 /* SettingsView.swift */; };
		CBD1CACE2F87B2A6003ACBD7 /* PasteSettingWindowController.swift in Sources */ = {isa = PBXBuildFile; fileRef = CBD1CAA32F87B2A6003ACBD7 /* PasteSettingWindowController.swift */; };
		CBD1CACF2F87B2A6003ACBD7 /* NSAttributeString+Extension.swift in Sources */ = {isa = PBXBuildFile; fileRef = CBD1CAB12F87B2A6003ACBD7 /* NSAttributeString+Extension.swift */; };
		CBD1CAD02F87B2A6003ACBD7 /* HexColorValidator.swift in Sources */ = {isa = PBXBuildFile; fileRef = CBD1CABB2F87B2A6003ACBD7 /* HexColorValidator.swift */; };
		CBD1CAD12F87B2A6003ACBD7 /* SidebarView.swift in Sources */ = {isa = PBXBuildFile; fileRef = CBD1CAAC2F87B2A6003ACBD7 /* SidebarView.swift */; };
		CBD1CAD22F87B2A6003ACBD7 /* PasteboardModel.swift in Sources */ = {isa = PBXBuildFile; fileRef = CBD1CA8E2F87B2A6003ACBD7 /* PasteboardModel.swift */; };
		CBD1CAD32F87B2A6003ACBD7 /* Then.swift in Sources */ = {isa = PBXBuildFile; fileRef = CBD1CAB52F87B2A6003ACBD7 /* Then.swift */; };
		CBD1CAD42F87B2A6003ACBD7 /* PasteSQLManager.swift in Sources */ = {isa = PBXBuildFile; fileRef = CBD1CAA12F87B2A6003ACBD7 /* PasteSQLManager.swift */; };
		CBD1CAD52F87B2A6003ACBD7 /* PasteFilterView.swift in Sources */ = {isa = PBXBuildFile; fileRef = CBD1CA952F87B2A6003ACBD7 /* PasteFilterView.swift */; };
		CBD1CAD62F87B2A6003ACBD7 /* Date+Extension.swift in Sources */ = {isa = PBXBuildFile; fileRef = CBD1CAAF2F87B2A6003ACBD7 /* Date+Extension.swift */; };
		CBD1CAD72F87B2A6003ACBD7 /* Log.swift in Sources */ = {isa = PBXBuildFile; fileRef = CBD1CABF2F87B2A6003ACBD7 /* Log.swift */; };
		CBD1CAD82F87B2A6003ACBD7 /* IgnoredAppsManager.swift in Sources */ = {isa = PBXBuildFile; fileRef = CBD1CAA52F87B2A6003ACBD7 /* IgnoredAppsManager.swift */; };
		CBD1CAD92F87B2A6003ACBD7 /* SettingStore.swift in Sources */ = {isa = PBXBuildFile; fileRef = CBD1CAA62F87B2A6003ACBD7 /* SettingStore.swift */; };
		CBD1CADA2F87B2A6003ACBD7 /* NSControl+Combine.swift in Sources */ = {isa = PBXBuildFile; fileRef = CBD1CAB32F87B2A6003ACBD7 /* NSControl+Combine.swift */; };
		CBD1CADB2F87B2A6003ACBD7 /* View+Extension.swift in Sources */ = {isa = PBXBuildFile; fileRef = CBD1CAB62F87B2A6003ACBD7 /* View+Extension.swift */; };
		CBD1CADC2F87B2A6003ACBD7 /* main.swift in Sources */ = {isa = PBXBuildFile; fileRef = CBD1CAC72F87B2A6003ACBD7 /* main.swift */; };
		CBD1CADD2F87B2A6003ACBD7 /* PasteSearchField.swift in Sources */ = {isa = PBXBuildFile; fileRef = CBD1CA992F87B2A6003ACBD7 /* PasteSearchField.swift */; };
		CBD1CADE2F87B2A6003ACBD7 /* DetailView.swift in Sources */ = {isa = PBXBuildFile; fileRef = CBD1CAA82F87B2A6003ACBD7 /* DetailView.swift */; };
		CBD1CADF2F87B2A6003ACBD7 /* KeyHelper.swift in Sources */ = {isa = PBXBuildFile; fileRef = CBD1CABD2F87B2A6003ACBD7 /* KeyHelper.swift */; };
		CBD1CAE02F87B2A6003ACBD7 /* PasteUserDefaults.swift in Sources */ = {isa = PBXBuildFile; fileRef = CBD1CAC02F87B2A6003ACBD7 /* PasteUserDefaults.swift */; };
		CBD1CAE12F87B2A6003ACBD7 /* PasteboardWritingItem.swift in Sources */ = {isa = PBXBuildFile; fileRef = CBD1CA902F87B2A6003ACBD7 /* PasteboardWritingItem.swift */; };
		CBD1CAE22F87B2A6003ACBD7 /* ColorCache.swift in Sources */ = {isa = PBXBuildFile; fileRef = CBD1CA9E2F87B2A6003ACBD7 /* ColorCache.swift */; };
		CBD1CAE32F87B2A6003ACBD7 /* PasteMainWindowController.swift in Sources */ = {isa = PBXBuildFile; fileRef = CBD1CA8C2F87B2A6003ACBD7 /* PasteMainWindowController.swift */; };
		CBD1CAE42F87B2A6003ACBD7 /* ImageColorExtractor.swift in Sources */ = {isa = PBXBuildFile; fileRef = CBD1CABC2F87B2A6003ACBD7 /* ImageColorExtractor.swift */; };
		CBD1CAE52F87B2A6003ACBD7 /* NSLabel.swift in Sources */ = {isa = PBXBuildFile; fileRef = CBD1CAB82F87B2A6003ACBD7 /* NSLabel.swift */; };
		CBD1CAE62F87B2A6003ACBD7 /* PasteScrollView.swift in Sources */ = {isa = PBXBuildFile; fileRef = CBD1CA982F87B2A6003ACBD7 /* PasteScrollView.swift */; };
		CBD1CAE72F87B2A6003ACBD7 /* PasteDataStore.swift in Sources */ = {isa = PBXBuildFile; fileRef = CBD1CAA02F87B2A6003ACBD7 /* PasteDataStore.swift */; };
		CBD1CAE82F87B2A6003ACBD7 /* PasteFilterItem.swift in Sources */ = {isa = PBXBuildFile; fileRef = CBD1CA942F87B2A6003ACBD7 /* PasteFilterItem.swift */; };
		CBD1CAE92F87B2A6003ACBD7 /* Layout.swift in Sources */ = {isa = PBXBuildFile; fileRef = CBD1CABE2F87B2A6003ACBD7 /* Layout.swift */; };
		CBD1CAEA2F87B2A6003ACBD7 /* SettingsModels.swift in Sources */ = {isa = PBXBuildFile; fileRef = CBD1CAAA2F87B2A6003ACBD7 /* SettingsModels.swift */; };
		CBD1CAEB2F87B2A6003ACBD7 /* PrefKey.swift in Sources */ = {isa = PBXBuildFile; fileRef = CBD1CAC12F87B2A6003ACBD7 /* PrefKey.swift */; };
		CBD1CAEC2F87B2A6003ACBD7 /* PastePreviewPanel.swift in Sources */ = {isa = PBXBuildFile; fileRef = CBD1CA972F87B2A6003ACBD7 /* PastePreviewPanel.swift */; };
		CBD1CAED2F87B2A6003ACBD7 /* PasteMainViewController.swift in Sources */ = {isa = PBXBuildFile; fileRef = CBD1CA962F87B2A6003ACBD7 /* PasteMainViewController.swift */; };
		CBD1CAEE2F87B2A6003ACBD7 /* PasteCollectionViewItem.swift in Sources */ = {isa = PBXBuildFile; fileRef = CBD1CA922F87B2A6003ACBD7 /* PasteCollectionViewItem.swift */; };
		CBD1CAEF2F87B2A6003ACBD7 /* Helps.swift in Sources */ = {isa = PBXBuildFile; fileRef = CBD1CABA2F87B2A6003ACBD7 /* Helps.swift */; };
		CBD1CAF02F87B2A6003ACBD7 /* PasteAppDelegate.swift in Sources */ = {isa = PBXBuildFile; fileRef = CBD1CA8A2F87B2A6003ACBD7 /* PasteAppDelegate.swift */; };
		CBD1CAF12F87B2A6003ACBD7 /* NSCollectionView+Extension.swift in Sources */ = {isa = PBXBuildFile; fileRef = CBD1CAB22F87B2A6003ACBD7 /* NSCollectionView+Extension.swift */; };
		CBD1CAF22F87B2A6003ACBD7 /* PasteBoardType.swift in Sources */ = {isa = PBXBuildFile; fileRef = CBD1CA8F2F87B2A6003ACBD7 /* PasteBoardType.swift */; };
		CBD1CAF32F87B2A6003ACBD7 /* PasteBoard.swift in Sources */ = {isa = PBXBuildFile; fileRef = CBD1CA9F2F87B2A6003ACBD7 /* PasteBoard.swift */; };
		CBD1CAF42F87B2A6003ACBD7 /* KeyboardShortcuts+Extension.swift in Sources */ = {isa = PBXBuildFile; fileRef = CBD1CAB02F87B2A6003ACBD7 /* KeyboardShortcuts+Extension.swift */; };
		CBD1CAF52F87B2A6003ACBD7 /* PasteMainPanel.swift in Sources */ = {isa = PBXBuildFile; fileRef = CBD1CA8B2F87B2A6003ACBD7 /* PasteMainPanel.swift */; };
		CBD1CAF62F87B2A6003ACBD7 /* UserInterfaceItemIdentifier.swift in Sources */ = {isa = PBXBuildFile; fileRef = CBD1CAC32F87B2A6003ACBD7 /* UserInterfaceItemIdentifier.swift */; };
		CBD1CAF72F87B2A6003ACBD7 /* PasteMainViewModel.swift in Sources */ = {isa = PBXBuildFile; fileRef = CBD1CA9B2F87B2A6003ACBD7 /* PasteMainViewModel.swift */; };
		CBD1CAF82F87B2A6003ACBD7 /* NSTextField+Extension.swift in Sources */ = {isa = PBXBuildFile; fileRef = CBD1CAB42F87B2A6003ACBD7 /* NSTextField+Extension.swift */; };
		CBD1CAF92F87B2A6003ACBD7 /* Assets.xcassets in Resources */ = {isa = PBXBuildFile; fileRef = CBD1CA862F87B2A6003ACBD7 /* Assets.xcassets */; };
		CBD1CAFA2F87B2A6003ACBD7 /* PasteDirect.icon in Resources */ = {isa = PBXBuildFile; fileRef = CBD1CA882F87B2A6003ACBD7 /* PasteDirect.icon */; };
		CBD1CAFB2F87B2A6003ACBD7 /* Localizable.xcstrings in Resources */ = {isa = PBXBuildFile; fileRef = CBD1CA872F87B2A6003ACBD7 /* Localizable.xcstrings */; };
		CBD1CAFC2F87B2A6003ACBD7 /* Info.plist in Resources */ = {isa = PBXBuildFile; fileRef = CBD1CAC62F87B2A6003ACBD7 /* Info.plist */; };
		CBD1CB012F87BB49003ACBD7 /* AppCoordinator.swift in Sources */ = {isa = PBXBuildFile; fileRef = CBD1CB002F87BB49003ACBD7 /* AppCoordinator.swift */; };
		CBFBD03FF895FA43D29D8996 /* PasteCollectionView.swift in Sources */ = {isa = PBXBuildFile; fileRef = CBC0392CA8952F41A89C682F /* PasteCollectionView.swift */; };
/* End PBXBuildFile section */

/* Begin PBXContainerItemProxy section */
		CB2CDEFC2924E8D900E81836 /* PBXContainerItemProxy */ = {
			isa = PBXContainerItemProxy;
			containerPortal = CB2CDEE22924E8D500E81836 /* Project object */;
			proxyType = 1;
			remoteGlobalIDString = CB2CDEE92924E8D500E81836;
			remoteInfo = PasteDirect;
		};
		CB2CDF062924E8D900E81836 /* PBXContainerItemProxy */ = {
			isa = PBXContainerItemProxy;
			containerPortal = CB2CDEE22924E8D500E81836 /* Project object */;
			proxyType = 1;
			remoteGlobalIDString = CB2CDEE92924E8D500E81836;
			remoteInfo = PasteDirect;
		};
/* End PBXContainerItemProxy section */

/* Begin PBXCopyFilesBuildPhase section */
		CB2CDF562924EB4B00E81836 /* CopyFiles */ = {
			isa = PBXCopyFilesBuildPhase;
			buildActionMask = 2147483647;
			dstPath = Contents/Library/LoginItems;
			dstSubfolderSpec = 1;
			files = (
			);
			runOnlyForDeploymentPostprocessing = 0;
		};
/* End PBXCopyFilesBuildPhase section */

/* Begin PBXFileReference section */
		CB2CDEEA2924E8D500E81836 /* PasteDirect.app */ = {isa = PBXFileReference; explicitFileType = wrapper.application; includeInIndex = 0; path = PasteDirect.app; sourceTree = BUILT_PRODUCTS_DIR; };
		CB2CDEFB2924E8D900E81836 /* PasteDirectTests.xctest */ = {isa = PBXFileReference; explicitFileType = wrapper.cfbundle; includeInIndex = 0; path = PasteDirectTests.xctest; sourceTree = BUILT_PRODUCTS_DIR; };
		CB2CDEFF2924E8D900E81836 /* PasteDirectTests.swift */ = {isa = PBXFileReference; lastKnownFileType = sourcecode.swift; path = PasteDirectTests.swift; sourceTree = "<group>"; };
		CB2CDF052924E8D900E81836 /* PasteDirectUITests.xctest */ = {isa = PBXFileReference; explicitFileType = wrapper.cfbundle; includeInIndex = 0; path = PasteDirectUITests.xctest; sourceTree = BUILT_PRODUCTS_DIR; };
		CB2CDF092924E8D900E81836 /* PasteDirectUITests.swift */ = {isa = PBXFileReference; lastKnownFileType = sourcecode.swift; path = PasteDirectUITests.swift; sourceTree = "<group>"; };
		CB2CDF0B2924E8D900E81836 /* PasteDirectUITestsLaunchTests.swift */ = {isa = PBXFileReference; lastKnownFileType = sourcecode.swift; path = PasteDirectUITestsLaunchTests.swift; sourceTree = "<group>"; };
		CBC0392CA8952F41A89C682F /* PasteCollectionView.swift */ = {isa = PBXFileReference; lastKnownFileType = sourcecode.swift; path = PasteCollectionView.swift; sourceTree = "<group>"; };
		CBD1CA862F87B2A6003ACBD7 /* Assets.xcassets */ = {isa = PBXFileReference; lastKnownFileType = folder.assetcatalog; path = Assets.xcassets; sourceTree = "<group>"; };
		CBD1CA872F87B2A6003ACBD7 /* Localizable.xcstrings */ = {isa = PBXFileReference; lastKnownFileType = text.json.xcstrings; path = Localizable.xcstrings; sourceTree = "<group>"; };
		CBD1CA882F87B2A6003ACBD7 /* PasteDirect.icon */ = {isa = PBXFileReference; lastKnownFileType = folder.iconcomposer.icon; path = PasteDirect.icon; sourceTree = "<group>"; };
		CBD1CA8A2F87B2A6003ACBD7 /* PasteAppDelegate.swift */ = {isa = PBXFileReference; lastKnownFileType = sourcecode.swift; path = PasteAppDelegate.swift; sourceTree = "<group>"; };
		CBD1CA8B2F87B2A6003ACBD7 /* PasteMainPanel.swift */ = {isa = PBXFileReference; lastKnownFileType = sourcecode.swift; path = PasteMainPanel.swift; sourceTree = "<group>"; };
		CBD1CA8C2F87B2A6003ACBD7 /* PasteMainWindowController.swift */ = {isa = PBXFileReference; lastKnownFileType = sourcecode.swift; path = PasteMainWindowController.swift; sourceTree = "<group>"; };
		CBD1CA8E2F87B2A6003ACBD7 /* PasteboardModel.swift */ = {isa = PBXFileReference; lastKnownFileType = sourcecode.swift; path = PasteboardModel.swift; sourceTree = "<group>"; };
		CBD1CA8F2F87B2A6003ACBD7 /* PasteBoardType.swift */ = {isa = PBXFileReference; lastKnownFileType = sourcecode.swift; path = PasteBoardType.swift; sourceTree = "<group>"; };
		CBD1CA902F87B2A6003ACBD7 /* PasteboardWritingItem.swift */ = {isa = PBXFileReference; lastKnownFileType = sourcecode.swift; path = PasteboardWritingItem.swift; sourceTree = "<group>"; };
		CBD1CA922F87B2A6003ACBD7 /* PasteCollectionViewItem.swift */ = {isa = PBXFileReference; lastKnownFileType = sourcecode.swift; path = PasteCollectionViewItem.swift; sourceTree = "<group>"; };
		CBD1CA932F87B2A6003ACBD7 /* PasteEffectImageView.swift */ = {isa = PBXFileReference; lastKnownFileType = sourcecode.swift; path = PasteEffectImageView.swift; sourceTree = "<group>"; };
		CBD1CA942F87B2A6003ACBD7 /* PasteFilterItem.swift */ = {isa = PBXFileReference; lastKnownFileType = sourcecode.swift; path = PasteFilterItem.swift; sourceTree = "<group>"; };
		CBD1CA952F87B2A6003ACBD7 /* PasteFilterView.swift */ = {isa = PBXFileReference; lastKnownFileType = sourcecode.swift; path = PasteFilterView.swift; sourceTree = "<group>"; };
		CBD1CA962F87B2A6003ACBD7 /* PasteMainViewController.swift */ = {isa = PBXFileReference; lastKnownFileType = sourcecode.swift; path = PasteMainViewController.swift; sourceTree = "<group>"; };
		CBD1CA972F87B2A6003ACBD7 /* PastePreviewPanel.swift */ = {isa = PBXFileReference; lastKnownFileType = sourcecode.swift; path = PastePreviewPanel.swift; sourceTree = "<group>"; };
		CBD1CA982F87B2A6003ACBD7 /* PasteScrollView.swift */ = {isa = PBXFileReference; lastKnownFileType = sourcecode.swift; path = PasteScrollView.swift; sourceTree = "<group>"; };
		CBD1CA992F87B2A6003ACBD7 /* PasteSearchField.swift */ = {isa = PBXFileReference; lastKnownFileType = sourcecode.swift; path = PasteSearchField.swift; sourceTree = "<group>"; };
		CBD1CA9B2F87B2A6003ACBD7 /* PasteMainViewModel.swift */ = {isa = PBXFileReference; lastKnownFileType = sourcecode.swift; path = PasteMainViewModel.swift; sourceTree = "<group>"; };
		CBD1CA9E2F87B2A6003ACBD7 /* ColorCache.swift */ = {isa = PBXFileReference; lastKnownFileType = sourcecode.swift; path = ColorCache.swift; sourceTree = "<group>"; };
		CBD1CA9F2F87B2A6003ACBD7 /* PasteBoard.swift */ = {isa = PBXFileReference; lastKnownFileType = sourcecode.swift; path = PasteBoard.swift; sourceTree = "<group>"; };
		CBD1CAA02F87B2A6003ACBD7 /* PasteDataStore.swift */ = {isa = PBXFileReference; lastKnownFileType = sourcecode.swift; path = PasteDataStore.swift; sourceTree = "<group>"; };
		CBD1CAA12F87B2A6003ACBD7 /* PasteSQLManager.swift */ = {isa = PBXFileReference; lastKnownFileType = sourcecode.swift; path = PasteSQLManager.swift; sourceTree = "<group>"; };
		CBD1CAA32F87B2A6003ACBD7 /* PasteSettingWindowController.swift */ = {isa = PBXFileReference; lastKnownFileType = sourcecode.swift; path = PasteSettingWindowController.swift; sourceTree = "<group>"; };
		CBD1CAA52F87B2A6003ACBD7 /* IgnoredAppsManager.swift */ = {isa = PBXFileReference; lastKnownFileType = sourcecode.swift; path = IgnoredAppsManager.swift; sourceTree = "<group>"; };
		CBD1CAA62F87B2A6003ACBD7 /* SettingStore.swift */ = {isa = PBXFileReference; lastKnownFileType = sourcecode.swift; path = SettingStore.swift; sourceTree = "<group>"; };
		CBD1CAA82F87B2A6003ACBD7 /* DetailView.swift */ = {isa = PBXFileReference; lastKnownFileType = sourcecode.swift; path = DetailView.swift; sourceTree = "<group>"; };
		CBD1CAA92F87B2A6003ACBD7 /* RulesDetailView.swift */ = {isa = PBXFileReference; lastKnownFileType = sourcecode.swift; path = RulesDetailView.swift; sourceTree = "<group>"; };
		CBD1CAAA2F87B2A6003ACBD7 /* SettingsModels.swift */ = {isa = PBXFileReference; lastKnownFileType = sourcecode.swift; path = SettingsModels.swift; sourceTree = "<group>"; };
		CBD1CAAB2F87B2A6003ACBD7 /* SettingsView.swift */ = {isa = PBXFileReference; lastKnownFileType = sourcecode.swift; path = SettingsView.swift; sourceTree = "<group>"; };
		CBD1CAAC2F87B2A6003ACBD7 /* SidebarView.swift */ = {isa = PBXFileReference; lastKnownFileType = sourcecode.swift; path = SidebarView.swift; sourceTree = "<group>"; };
		CBD1CAAF2F87B2A6003ACBD7 /* Date+Extension.swift */ = {isa = PBXFileReference; lastKnownFileType = sourcecode.swift; path = "Date+Extension.swift"; sourceTree = "<group>"; };
		CBD1CAB02F87B2A6003ACBD7 /* KeyboardShortcuts+Extension.swift */ = {isa = PBXFileReference; lastKnownFileType = sourcecode.swift; path = "KeyboardShortcuts+Extension.swift"; sourceTree = "<group>"; };
		CBD1CAB12F87B2A6003ACBD7 /* NSAttributeString+Extension.swift */ = {isa = PBXFileReference; lastKnownFileType = sourcecode.swift; path = "NSAttributeString+Extension.swift"; sourceTree = "<group>"; };
		CBD1CAB22F87B2A6003ACBD7 /* NSCollectionView+Extension.swift */ = {isa = PBXFileReference; lastKnownFileType = sourcecode.swift; path = "NSCollectionView+Extension.swift"; sourceTree = "<group>"; };
		CBD1CAB32F87B2A6003ACBD7 /* NSControl+Combine.swift */ = {isa = PBXFileReference; lastKnownFileType = sourcecode.swift; path = "NSControl+Combine.swift"; sourceTree = "<group>"; };
		CBD1CAB42F87B2A6003ACBD7 /* NSTextField+Extension.swift */ = {isa = PBXFileReference; lastKnownFileType = sourcecode.swift; path = "NSTextField+Extension.swift"; sourceTree = "<group>"; };
		CBD1CAB52F87B2A6003ACBD7 /* Then.swift */ = {isa = PBXFileReference; lastKnownFileType = sourcecode.swift; path = Then.swift; sourceTree = "<group>"; };
		CBD1CAB62F87B2A6003ACBD7 /* View+Extension.swift */ = {isa = PBXFileReference; lastKnownFileType = sourcecode.swift; path = "View+Extension.swift"; sourceTree = "<group>"; };
		CBD1CAB82F87B2A6003ACBD7 /* NSLabel.swift */ = {isa = PBXFileReference; lastKnownFileType = sourcecode.swift; path = NSLabel.swift; sourceTree = "<group>"; };
		CBD1CABA2F87B2A6003ACBD7 /* Helps.swift */ = {isa = PBXFileReference; lastKnownFileType = sourcecode.swift; path = Helps.swift; sourceTree = "<group>"; };
		CBD1CABB2F87B2A6003ACBD7 /* HexColorValidator.swift */ = {isa = PBXFileReference; lastKnownFileType = sourcecode.swift; path = HexColorValidator.swift; sourceTree = "<group>"; };
		CBD1CABC2F87B2A6003ACBD7 /* ImageColorExtractor.swift */ = {isa = PBXFileReference; lastKnownFileType = sourcecode.swift; path = ImageColorExtractor.swift; sourceTree = "<group>"; };
		CBD1CABD2F87B2A6003ACBD7 /* KeyHelper.swift */ = {isa = PBXFileReference; lastKnownFileType = sourcecode.swift; path = KeyHelper.swift; sourceTree = "<group>"; };
		CBD1CABE2F87B2A6003ACBD7 /* Layout.swift */ = {isa = PBXFileReference; lastKnownFileType = sourcecode.swift; path = Layout.swift; sourceTree = "<group>"; };
		CBD1CABF2F87B2A6003ACBD7 /* Log.swift */ = {isa = PBXFileReference; lastKnownFileType = sourcecode.swift; path = Log.swift; sourceTree = "<group>"; };
		CBD1CAC02F87B2A6003ACBD7 /* PasteUserDefaults.swift */ = {isa = PBXFileReference; lastKnownFileType = sourcecode.swift; path = PasteUserDefaults.swift; sourceTree = "<group>"; };
		CBD1CAC12F87B2A6003ACBD7 /* PrefKey.swift */ = {isa = PBXFileReference; lastKnownFileType = sourcecode.swift; path = PrefKey.swift; sourceTree = "<group>"; };
		CBD1CAC22F87B2A6003ACBD7 /* UIImageColors.swift */ = {isa = PBXFileReference; lastKnownFileType = sourcecode.swift; path = UIImageColors.swift; sourceTree = "<group>"; };
		CBD1CAC32F87B2A6003ACBD7 /* UserInterfaceItemIdentifier.swift */ = {isa = PBXFileReference; lastKnownFileType = sourcecode.swift; path = UserInterfaceItemIdentifier.swift; sourceTree = "<group>"; };
		CBD1CAC62F87B2A6003ACBD7 /* Info.plist */ = {isa = PBXFileReference; lastKnownFileType = text.plist.xml; path = Info.plist; sourceTree = "<group>"; };
		CBD1CAC72F87B2A6003ACBD7 /* main.swift */ = {isa = PBXFileReference; lastKnownFileType = sourcecode.swift; path = main.swift; sourceTree = "<group>"; };
		CBD1CAC82F87B2A6003ACBD7 /* PasteDirect.entitlements */ = {isa = PBXFileReference; lastKnownFileType = text.plist.entitlements; path = PasteDirect.entitlements; sourceTree = "<group>"; };
		CBD1CB002F87BB49003ACBD7 /* AppCoordinator.swift */ = {isa = PBXFileReference; lastKnownFileType = sourcecode.swift; path = AppCoordinator.swift; sourceTree = "<group>"; };
/* End PBXFileReference section */

/* Begin PBXFrameworksBuildPhase section */
		CB2CDEE72924E8D500E81836 /* Frameworks */ = {
			isa = PBXFrameworksBuildPhase;
			buildActionMask = 2147483647;
			files = (
				CB9986FF29260015007E585C /* SQLite in Frameworks */,
				CB9986F62925FF46007E585C /* KeyboardShortcuts in Frameworks */,
				CB99870229260372007E585C /* SnapKit in Frameworks */,
			);
			runOnlyForDeploymentPostprocessing = 0;
		};
		CB2CDEF82924E8D900E81836 /* Frameworks */ = {
			isa = PBXFrameworksBuildPhase;
			buildActionMask = 2147483647;
			files = (
			);
			runOnlyForDeploymentPostprocessing = 0;
		};
		CB2CDF022924E8D900E81836 /* Frameworks */ = {
			isa = PBXFrameworksBuildPhase;
			buildActionMask = 2147483647;
			files = (
			);
			runOnlyForDeploymentPostprocessing = 0;
		};
/* End PBXFrameworksBuildPhase section */

/* Begin PBXGroup section */
		CB2CDEE12924E8D500E81836 = {
			isa = PBXGroup;
			children = (
				CBD1CAC92F87B2A6003ACBD7 /* PasteDirect */,
				CB2CDEFE2924E8D900E81836 /* PasteDirectTests */,
				CB2CDF082924E8D900E81836 /* PasteDirectUITests */,
				CB2CDEEB2924E8D500E81836 /* Products */,
				CB8FE2E22925E71A008FEB96 /* Frameworks */,
			);
			sourceTree = "<group>";
		};
		CB2CDEEB2924E8D500E81836 /* Products */ = {
			isa = PBXGroup;
			children = (
				CB2CDEEA2924E8D500E81836 /* PasteDirect.app */,
				CB2CDEFB2924E8D900E81836 /* PasteDirectTests.xctest */,
				CB2CDF052924E8D900E81836 /* PasteDirectUITests.xctest */,
			);
			name = Products;
			sourceTree = "<group>";
		};
		CB2CDEFE2924E8D900E81836 /* PasteDirectTests */ = {
			isa = PBXGroup;
			children = (
				CB2CDEFF2924E8D900E81836 /* PasteDirectTests.swift */,
			);
			path = PasteDirectTests;
			sourceTree = "<group>";
		};
		CB2CDF082924E8D900E81836 /* PasteDirectUITests */ = {
			isa = PBXGroup;
			children = (
				CB2CDF092924E8D900E81836 /* PasteDirectUITests.swift */,
				CB2CDF0B2924E8D900E81836 /* PasteDirectUITestsLaunchTests.swift */,
			);
			path = PasteDirectUITests;
			sourceTree = "<group>";
		};
		CB8FE2E22925E71A008FEB96 /* Frameworks */ = {
			isa = PBXGroup;
			children = (
			);
			name = Frameworks;
			sourceTree = "<group>";
		};
		CBD1CA892F87B2A6003ACBD7 /* Resource */ = {
			isa = PBXGroup;
			children = (
				CBD1CA862F87B2A6003ACBD7 /* Assets.xcassets */,
				CBD1CA872F87B2A6003ACBD7 /* Localizable.xcstrings */,
				CBD1CA882F87B2A6003ACBD7 /* PasteDirect.icon */,
			);
			path = Resource;
			sourceTree = "<group>";
		};
		CBD1CA8D2F87B2A6003ACBD7 /* App */ = {
			isa = PBXGroup;
			children = (
				CBD1CB002F87BB49003ACBD7 /* AppCoordinator.swift */,
				CBD1CA8A2F87B2A6003ACBD7 /* PasteAppDelegate.swift */,
				CBD1CA8B2F87B2A6003ACBD7 /* PasteMainPanel.swift */,
				CBD1CA8C2F87B2A6003ACBD7 /* PasteMainWindowController.swift */,
			);
			path = App;
			sourceTree = "<group>";
		};
		CBD1CA912F87B2A6003ACBD7 /* Model */ = {
			isa = PBXGroup;
			children = (
				CBD1CA8E2F87B2A6003ACBD7 /* PasteboardModel.swift */,
				CBD1CA8F2F87B2A6003ACBD7 /* PasteBoardType.swift */,
				CBD1CA902F87B2A6003ACBD7 /* PasteboardWritingItem.swift */,
			);
			path = Model;
			sourceTree = "<group>";
		};
		CBD1CA9A2F87B2A6003ACBD7 /* View */ = {
			isa = PBXGroup;
			children = (
				CBD1CA922F87B2A6003ACBD7 /* PasteCollectionViewItem.swift */,
				CBD1CA932F87B2A6003ACBD7 /* PasteEffectImageView.swift */,
				CBD1CA942F87B2A6003ACBD7 /* PasteFilterItem.swift */,
				CBD1CA952F87B2A6003ACBD7 /* PasteFilterView.swift */,
				CBD1CA972F87B2A6003ACBD7 /* PastePreviewPanel.swift */,
				CBC0392CA8952F41A89C682F /* PasteCollectionView.swift */,
				CBD1CA982F87B2A6003ACBD7 /* PasteScrollView.swift */,
				CBD1CA992F87B2A6003ACBD7 /* PasteSearchField.swift */,
			);
			path = View;
			sourceTree = "<group>";
		};
		CBD1CA9C2F87B2A6003ACBD7 /* ViewModel */ = {
			isa = PBXGroup;
			children = (
				CBD1CA9B2F87B2A6003ACBD7 /* PasteMainViewModel.swift */,
			);
			path = ViewModel;
			sourceTree = "<group>";
		};
		CBD1CA9D2F87B2A6003ACBD7 /* Main */ = {
			isa = PBXGroup;
			children = (
				CBD1CAFD2F87B30A003ACBD7 /* Controller */,
				CBD1CA912F87B2A6003ACBD7 /* Model */,
				CBD1CA9A2F87B2A6003ACBD7 /* View */,
				CBD1CA9C2F87B2A6003ACBD7 /* ViewModel */,
			);
			path = Main;
			sourceTree = "<group>";
		};
		CBD1CAA22F87B2A6003ACBD7 /* Service */ = {
			isa = PBXGroup;
			children = (
				CBD1CA9E2F87B2A6003ACBD7 /* ColorCache.swift */,
				CBD1CA9F2F87B2A6003ACBD7 /* PasteBoard.swift */,
				CBD1CAA02F87B2A6003ACBD7 /* PasteDataStore.swift */,
				CBD1CAA12F87B2A6003ACBD7 /* PasteSQLManager.swift */,
			);
			path = Service;
			sourceTree = "<group>";
		};
		CBD1CAA42F87B2A6003ACBD7 /* Controller */ = {
			isa = PBXGroup;
			children = (
				CBD1CAA32F87B2A6003ACBD7 /* PasteSettingWindowController.swift */,
			);
			path = Controller;
			sourceTree = "<group>";
		};
		CBD1CAA72F87B2A6003ACBD7 /* Model */ = {
			isa = PBXGroup;
			children = (
				CBD1CAA52F87B2A6003ACBD7 /* IgnoredAppsManager.swift */,
				CBD1CAA62F87B2A6003ACBD7 /* SettingStore.swift */,
			);
			path = Model;
			sourceTree = "<group>";
		};
		CBD1CAAD2F87B2A6003ACBD7 /* SwiftUI */ = {
			isa = PBXGroup;
			children = (
				CBD1CAA82F87B2A6003ACBD7 /* DetailView.swift */,
				CBD1CAA92F87B2A6003ACBD7 /* RulesDetailView.swift */,
				CBD1CAAA2F87B2A6003ACBD7 /* SettingsModels.swift */,
				CBD1CAAB2F87B2A6003ACBD7 /* SettingsView.swift */,
				CBD1CAAC2F87B2A6003ACBD7 /* SidebarView.swift */,
			);
			path = SwiftUI;
			sourceTree = "<group>";
		};
		CBD1CAAE2F87B2A6003ACBD7 /* Setting */ = {
			isa = PBXGroup;
			children = (
				CBD1CAA42F87B2A6003ACBD7 /* Controller */,
				CBD1CAA72F87B2A6003ACBD7 /* Model */,
				CBD1CAAD2F87B2A6003ACBD7 /* SwiftUI */,
			);
			path = Setting;
			sourceTree = "<group>";
		};
		CBD1CAB72F87B2A6003ACBD7 /* Extension */ = {
			isa = PBXGroup;
			children = (
				CBD1CAAF2F87B2A6003ACBD7 /* Date+Extension.swift */,
				CBD1CAB02F87B2A6003ACBD7 /* KeyboardShortcuts+Extension.swift */,
				CBD1CAB12F87B2A6003ACBD7 /* NSAttributeString+Extension.swift */,
				CBD1CAB22F87B2A6003ACBD7 /* NSCollectionView+Extension.swift */,
				CBD1CAB32F87B2A6003ACBD7 /* NSControl+Combine.swift */,
				CBD1CAB42F87B2A6003ACBD7 /* NSTextField+Extension.swift */,
				CBD1CAB52F87B2A6003ACBD7 /* Then.swift */,
				CBD1CAB62F87B2A6003ACBD7 /* View+Extension.swift */,
			);
			path = Extension;
			sourceTree = "<group>";
		};
		CBD1CAB92F87B2A6003ACBD7 /* UIComponent */ = {
			isa = PBXGroup;
			children = (
				CBD1CAB82F87B2A6003ACBD7 /* NSLabel.swift */,
			);
			path = UIComponent;
			sourceTree = "<group>";
		};
		CBD1CAC42F87B2A6003ACBD7 /* Utility */ = {
			isa = PBXGroup;
			children = (
				CBD1CAB72F87B2A6003ACBD7 /* Extension */,
				CBD1CAB92F87B2A6003ACBD7 /* UIComponent */,
				CBD1CABA2F87B2A6003ACBD7 /* Helps.swift */,
				CBD1CABB2F87B2A6003ACBD7 /* HexColorValidator.swift */,
				CBD1CABC2F87B2A6003ACBD7 /* ImageColorExtractor.swift */,
				CBD1CABD2F87B2A6003ACBD7 /* KeyHelper.swift */,
				CBD1CABE2F87B2A6003ACBD7 /* Layout.swift */,
				CBD1CABF2F87B2A6003ACBD7 /* Log.swift */,
				CBD1CAC02F87B2A6003ACBD7 /* PasteUserDefaults.swift */,
				CBD1CAC12F87B2A6003ACBD7 /* PrefKey.swift */,
				CBD1CAC22F87B2A6003ACBD7 /* UIImageColors.swift */,
				CBD1CAC32F87B2A6003ACBD7 /* UserInterfaceItemIdentifier.swift */,
			);
			path = Utility;
			sourceTree = "<group>";
		};
		CBD1CAC52F87B2A6003ACBD7 /* Source */ = {
			isa = PBXGroup;
			children = (
				CBD1CA8D2F87B2A6003ACBD7 /* App */,
				CBD1CA9D2F87B2A6003ACBD7 /* Main */,
				CBD1CAA22F87B2A6003ACBD7 /* Service */,
				CBD1CAAE2F87B2A6003ACBD7 /* Setting */,
				CBD1CAC42F87B2A6003ACBD7 /* Utility */,
			);
			path = Source;
			sourceTree = "<group>";
		};
		CBD1CAC92F87B2A6003ACBD7 /* PasteDirect */ = {
			isa = PBXGroup;
			children = (
				CBD1CAC52F87B2A6003ACBD7 /* Source */,
				CBD1CA892F87B2A6003ACBD7 /* Resource */,
				CBD1CAC62F87B2A6003ACBD7 /* Info.plist */,
				CBD1CAC72F87B2A6003ACBD7 /* main.swift */,
				CBD1CAC82F87B2A6003ACBD7 /* PasteDirect.entitlements */,
			);
			path = PasteDirect;
			sourceTree = "<group>";
		};
		CBD1CAFD2F87B30A003ACBD7 /* Controller */ = {
			isa = PBXGroup;
			children = (
				CBD1CA962F87B2A6003ACBD7 /* PasteMainViewController.swift */,
			);
			path = Controller;
			sourceTree = "<group>";
		};
/* End PBXGroup section */

/* Begin PBXNativeTarget section */
		CB2CDEE92924E8D500E81836 /* PasteDirect */ = {
			isa = PBXNativeTarget;
			buildConfigurationList = CB2CDF0F2924E8D900E81836 /* Build configuration list for PBXNativeTarget "PasteDirect" */;
			buildPhases = (
				CB2CDEE62924E8D500E81836 /* Sources */,
				CB2CDEE72924E8D500E81836 /* Frameworks */,
				CB2CDEE82924E8D500E81836 /* Resources */,
				CB2CDF562924EB4B00E81836 /* CopyFiles */,
			);
			buildRules = (
			);
			dependencies = (
			);
			name = PasteDirect;
			packageProductDependencies = (
				CB9986F52925FF46007E585C /* KeyboardShortcuts */,
				CB9986FE29260015007E585C /* SQLite */,
				CB99870129260372007E585C /* SnapKit */,
			);
			productName = PasteDirect;
			productReference = CB2CDEEA2924E8D500E81836 /* PasteDirect.app */;
			productType = "com.apple.product-type.application";
		};
		CB2CDEFA2924E8D900E81836 /* PasteDirectTests */ = {
			isa = PBXNativeTarget;
			buildConfigurationList = CB2CDF122924E8D900E81836 /* Build configuration list for PBXNativeTarget "PasteDirectTests" */;
			buildPhases = (
				CB2CDEF72924E8D900E81836 /* Sources */,
				CB2CDEF82924E8D900E81836 /* Frameworks */,
				CB2CDEF92924E8D900E81836 /* Resources */,
			);
			buildRules = (
			);
			dependencies = (
				CB2CDEFD2924E8D900E81836 /* PBXTargetDependency */,
			);
			name = PasteDirectTests;
			productName = PasteDirectTests;
			productReference = CB2CDEFB2924E8D900E81836 /* PasteDirectTests.xctest */;
			productType = "com.apple.product-type.bundle.unit-test";
		};
		CB2CDF042924E8D900E81836 /* PasteDirectUITests */ = {
			isa = PBXNativeTarget;
			buildConfigurationList = CB2CDF152924E8D900E81836 /* Build configuration list for PBXNativeTarget "PasteDirectUITests" */;
			buildPhases = (
				CB2CDF012924E8D900E81836 /* Sources */,
				CB2CDF022924E8D900E81836 /* Frameworks */,
				CB2CDF032924E8D900E81836 /* Resources */,
			);
			buildRules = (
			);
			dependencies = (
				CB2CDF072924E8D900E81836 /* PBXTargetDependency */,
			);
			name = PasteDirectUITests;
			productName = PasteDirectUITests;
			productReference = CB2CDF052924E8D900E81836 /* PasteDirectUITests.xctest */;
			productType = "com.apple.product-type.bundle.ui-testing";
		};
/* End PBXNativeTarget section */

/* Begin PBXProject section */
		CB2CDEE22924E8D500E81836 /* Project object */ = {
			isa = PBXProject;
			attributes = {
				BuildIndependentTargetsInParallel = 1;
				LastSwiftUpdateCheck = 1410;
				LastUpgradeCheck = 2600;
				TargetAttributes = {
					CB2CDEE92924E8D500E81836 = {
						CreatedOnToolsVersion = 14.1;
					};
					CB2CDEFA2924E8D900E81836 = {
						CreatedOnToolsVersion = 14.1;
						TestTargetID = CB2CDEE92924E8D500E81836;
					};
					CB2CDF042924E8D900E81836 = {
						CreatedOnToolsVersion = 14.1;
						TestTargetID = CB2CDEE92924E8D500E81836;
					};
				};
			};
			buildConfigurationList = CB2CDEE52924E8D500E81836 /* Build configuration list for PBXProject "PasteDirect" */;
			compatibilityVersion = "Xcode 14.0";
			developmentRegion = en;
			hasScannedForEncodings = 0;
			knownRegions = (
				en,
				Base,
				"zh-Hans",
			);
			mainGroup = CB2CDEE12924E8D500E81836;
			packageReferences = (
				CB9986F42925FF46007E585C /* XCRemoteSwiftPackageReference "KeyboardShortcuts" */,
				CB9986FD29260015007E585C /* XCRemoteSwiftPackageReference "SQLite.swift" */,
				CB99870029260372007E585C /* XCRemoteSwiftPackageReference "SnapKit" */,
			);
			productRefGroup = CB2CDEEB2924E8D500E81836 /* Products */;
			projectDirPath = "";
			projectRoot = "";
			targets = (
				CB2CDEE92924E8D500E81836 /* PasteDirect */,
				CB2CDEFA2924E8D900E81836 /* PasteDirectTests */,
				CB2CDF042924E8D900E81836 /* PasteDirectUITests */,
			);
		};
/* End PBXProject section */

/* Begin PBXResourcesBuildPhase section */
		CB2CDEE82924E8D500E81836 /* Resources */ = {
			isa = PBXResourcesBuildPhase;
			buildActionMask = 2147483647;
			files = (
				CBD1CAF92F87B2A6003ACBD7 /* Assets.xcassets in Resources */,
				CBD1CAFA2F87B2A6003ACBD7 /* PasteDirect.icon in Resources */,
				CBD1CAFB2F87B2A6003ACBD7 /* Localizable.xcstrings in Resources */,
				CBD1CAFC2F87B2A6003ACBD7 /* Info.plist in Resources */,
			);
			runOnlyForDeploymentPostprocessing = 0;
		};
		CB2CDEF92924E8D900E81836 /* Resources */ = {
			isa = PBXResourcesBuildPhase;
			buildActionMask = 2147483647;
			files = (
			);
			runOnlyForDeploymentPostprocessing = 0;
		};
		CB2CDF032924E8D900E81836 /* Resources */ = {
			isa = PBXResourcesBuildPhase;
			buildActionMask = 2147483647;
			files = (
			);
			runOnlyForDeploymentPostprocessing = 0;
		};
/* End PBXResourcesBuildPhase section */

/* Begin PBXSourcesBuildPhase section */
		CB2CDEE62924E8D500E81836 /* Sources */ = {
			isa = PBXSourcesBuildPhase;
			buildActionMask = 2147483647;
			files = (
				CBD1CACA2F87B2A6003ACBD7 /* UIImageColors.swift in Sources */,
				CBD1CACB2F87B2A6003ACBD7 /* RulesDetailView.swift in Sources */,
				CBD1CACC2F87B2A6003ACBD7 /* PasteEffectImageView.swift in Sources */,
				CBD1CACD2F87B2A6003ACBD7 /* SettingsView.swift in Sources */,
				CBD1CACE2F87B2A6003ACBD7 /* PasteSettingWindowController.swift in Sources */,
				CBD1CACF2F87B2A6003ACBD7 /* NSAttributeString+Extension.swift in Sources */,
				CBD1CAD02F87B2A6003ACBD7 /* HexColorValidator.swift in Sources */,
				CBD1CAD12F87B2A6003ACBD7 /* SidebarView.swift in Sources */,
				CBD1CAD22F87B2A6003ACBD7 /* PasteboardModel.swift in Sources */,
				CBD1CAD32F87B2A6003ACBD7 /* Then.swift in Sources */,
				CBD1CAD42F87B2A6003ACBD7 /* PasteSQLManager.swift in Sources */,
				CBD1CAD52F87B2A6003ACBD7 /* PasteFilterView.swift in Sources */,
				CBD1CAD62F87B2A6003ACBD7 /* Date+Extension.swift in Sources */,
				CBD1CAD72F87B2A6003ACBD7 /* Log.swift in Sources */,
				CBD1CAD82F87B2A6003ACBD7 /* IgnoredAppsManager.swift in Sources */,
				CBD1CAD92F87B2A6003ACBD7 /* SettingStore.swift in Sources */,
				CBD1CADA2F87B2A6003ACBD7 /* NSControl+Combine.swift in Sources */,
				CBD1CADB2F87B2A6003ACBD7 /* View+Extension.swift in Sources */,
				CBD1CADC2F87B2A6003ACBD7 /* main.swift in Sources */,
				CBD1CADD2F87B2A6003ACBD7 /* PasteSearchField.swift in Sources */,
				CBD1CADE2F87B2A6003ACBD7 /* DetailView.swift in Sources */,
				CBD1CADF2F87B2A6003ACBD7 /* KeyHelper.swift in Sources */,
				CBD1CAE02F87B2A6003ACBD7 /* PasteUserDefaults.swift in Sources */,
				CBD1CAE12F87B2A6003ACBD7 /* PasteboardWritingItem.swift in Sources */,
				CBD1CAE22F87B2A6003ACBD7 /* ColorCache.swift in Sources */,
				CBD1CAE32F87B2A6003ACBD7 /* PasteMainWindowController.swift in Sources */,
				CBD1CAE42F87B2A6003ACBD7 /* ImageColorExtractor.swift in Sources */,
				CBD1CAE52F87B2A6003ACBD7 /* NSLabel.swift in Sources */,
				CBFBD03FF895FA43D29D8996 /* PasteCollectionView.swift in Sources */,
				CBD1CAE62F87B2A6003ACBD7 /* PasteScrollView.swift in Sources */,
				CBD1CAE72F87B2A6003ACBD7 /* PasteDataStore.swift in Sources */,
				CBD1CAE82F87B2A6003ACBD7 /* PasteFilterItem.swift in Sources */,
				CBD1CAE92F87B2A6003ACBD7 /* Layout.swift in Sources */,
				CBD1CAEA2F87B2A6003ACBD7 /* SettingsModels.swift in Sources */,
				CBD1CAEB2F87B2A6003ACBD7 /* PrefKey.swift in Sources */,
				CBD1CAEC2F87B2A6003ACBD7 /* PastePreviewPanel.swift in Sources */,
				CBD1CAED2F87B2A6003ACBD7 /* PasteMainViewController.swift in Sources */,
				CBD1CB012F87BB49003ACBD7 /* AppCoordinator.swift in Sources */,
				CBD1CAEE2F87B2A6003ACBD7 /* PasteCollectionViewItem.swift in Sources */,
				CBD1CAEF2F87B2A6003ACBD7 /* Helps.swift in Sources */,
				CBD1CAF02F87B2A6003ACBD7 /* PasteAppDelegate.swift in Sources */,
				CBD1CAF12F87B2A6003ACBD7 /* NSCollectionView+Extension.swift in Sources */,
				CBD1CAF22F87B2A6003ACBD7 /* PasteBoardType.swift in Sources */,
				CBD1CAF32F87B2A6003ACBD7 /* PasteBoard.swift in Sources */,
				CBD1CAF42F87B2A6003ACBD7 /* KeyboardShortcuts+Extension.swift in Sources */,
				CBD1CAF52F87B2A6003ACBD7 /* PasteMainPanel.swift in Sources */,
				CBD1CAF62F87B2A6003ACBD7 /* UserInterfaceItemIdentifier.swift in Sources */,
				CBD1CAF72F87B2A6003ACBD7 /* PasteMainViewModel.swift in Sources */,
				CBD1CAF82F87B2A6003ACBD7 /* NSTextField+Extension.swift in Sources */,
			);
			runOnlyForDeploymentPostprocessing = 0;
		};
		CB2CDEF72924E8D900E81836 /* Sources */ = {
			isa = PBXSourcesBuildPhase;
			buildActionMask = 2147483647;
			files = (
				CB2CDF002924E8D900E81836 /* PasteDirectTests.swift in Sources */,
			);
			runOnlyForDeploymentPostprocessing = 0;
		};
		CB2CDF012924E8D900E81836 /* Sources */ = {
			isa = PBXSourcesBuildPhase;
			buildActionMask = 2147483647;
			files = (
				CB2CDF0A2924E8D900E81836 /* PasteDirectUITests.swift in Sources */,
				CB2CDF0C2924E8D900E81836 /* PasteDirectUITestsLaunchTests.swift in Sources */,
			);
			runOnlyForDeploymentPostprocessing = 0;
		};
/* End PBXSourcesBuildPhase section */

/* Begin PBXTargetDependency section */
		CB2CDEFD2924E8D900E81836 /* PBXTargetDependency */ = {
			isa = PBXTargetDependency;
			target = CB2CDEE92924E8D500E81836 /* PasteDirect */;
			targetProxy = CB2CDEFC2924E8D900E81836 /* PBXContainerItemProxy */;
		};
		CB2CDF072924E8D900E81836 /* PBXTargetDependency */ = {
			isa = PBXTargetDependency;
			target = CB2CDEE92924E8D500E81836 /* PasteDirect */;
			targetProxy = CB2CDF062924E8D900E81836 /* PBXContainerItemProxy */;
		};
/* End PBXTargetDependency section */

/* Begin XCBuildConfiguration section */
		CB2CDF0D2924E8D900E81836 /* Debug */ = {
			isa = XCBuildConfiguration;
			buildSettings = {
				ALWAYS_SEARCH_USER_PATHS = NO;
				ASSETCATALOG_COMPILER_GENERATE_SWIFT_ASSET_SYMBOL_EXTENSIONS = YES;
				CLANG_ANALYZER_LOCALIZABILITY_NONLOCALIZED = YES;
				CLANG_ANALYZER_NONNULL = YES;
				CLANG_ANALYZER_NUMBER_OBJECT_CONVERSION = YES_AGGRESSIVE;
				CLANG_CXX_LANGUAGE_STANDARD = "gnu++20";
				CLANG_ENABLE_MODULES = YES;
				CLANG_ENABLE_OBJC_ARC = YES;
				CLANG_ENABLE_OBJC_WEAK = YES;
				CLANG_WARN_BLOCK_CAPTURE_AUTORELEASING = YES;
				CLANG_WARN_BOOL_CONVERSION = YES;
				CLANG_WARN_COMMA = YES;
				CLANG_WARN_CONSTANT_CONVERSION = YES;
				CLANG_WARN_DEPRECATED_OBJC_IMPLEMENTATIONS = YES;
				CLANG_WARN_DIRECT_OBJC_ISA_USAGE = YES_ERROR;
				CLANG_WARN_DOCUMENTATION_COMMENTS = YES;
				CLANG_WARN_EMPTY_BODY = YES;
				CLANG_WARN_ENUM_CONVERSION = YES;
				CLANG_WARN_INFINITE_RECURSION = YES;
				CLANG_WARN_INT_CONVERSION = YES;
				CLANG_WARN_NON_LITERAL_NULL_CONVERSION = YES;
				CLANG_WARN_OBJC_IMPLICIT_RETAIN_SELF = YES;
				CLANG_WARN_OBJC_LITERAL_CONVERSION = YES;
				CLANG_WARN_OBJC_ROOT_CLASS = YES_ERROR;
				CLANG_WARN_QUOTED_INCLUDE_IN_FRAMEWORK_HEADER = YES;
				CLANG_WARN_RANGE_LOOP_ANALYSIS = YES;
				CLANG_WARN_STRICT_PROTOTYPES = YES;
				CLANG_WARN_SUSPICIOUS_MOVE = YES;
				CLANG_WARN_UNGUARDED_AVAILABILITY = YES_AGGRESSIVE;
				CLANG_WARN_UNREACHABLE_CODE = YES;
				CLANG_WARN__DUPLICATE_METHOD_MATCH = YES;
				COPY_PHASE_STRIP = NO;
				DEAD_CODE_STRIPPING = YES;
				DEBUG_INFORMATION_FORMAT = dwarf;
				ENABLE_STRICT_OBJC_MSGSEND = YES;
				ENABLE_TESTABILITY = YES;
				ENABLE_USER_SCRIPT_SANDBOXING = YES;
				GCC_C_LANGUAGE_STANDARD = gnu11;
				GCC_DYNAMIC_NO_PIC = NO;
				GCC_NO_COMMON_BLOCKS = YES;
				GCC_OPTIMIZATION_LEVEL = 0;
				GCC_PREPROCESSOR_DEFINITIONS = (
					"DEBUG=1",
					"$(inherited)",
				);
				GCC_WARN_64_TO_32_BIT_CONVERSION = YES;
				GCC_WARN_ABOUT_RETURN_TYPE = YES_ERROR;
				GCC_WARN_UNDECLARED_SELECTOR = YES;
				GCC_WARN_UNINITIALIZED_AUTOS = YES_AGGRESSIVE;
				GCC_WARN_UNUSED_FUNCTION = YES;
				GCC_WARN_UNUSED_VARIABLE = YES;
				MACOSX_DEPLOYMENT_TARGET = 13.0;
				MTL_ENABLE_DEBUG_INFO = INCLUDE_SOURCE;
				MTL_FAST_MATH = YES;
				ONLY_ACTIVE_ARCH = YES;
				SDKROOT = macosx;
				STRING_CATALOG_GENERATE_SYMBOLS = YES;
				SWIFT_ACTIVE_COMPILATION_CONDITIONS = DEBUG;
				SWIFT_EMIT_LOC_STRINGS = YES;
				SWIFT_OPTIMIZATION_LEVEL = "-Onone";
			};
			name = Debug;
		};
		CB2CDF0E2924E8D900E81836 /* Release */ = {
			isa = XCBuildConfiguration;
			buildSettings = {
				ALWAYS_SEARCH_USER_PATHS = NO;
				ASSETCATALOG_COMPILER_GENERATE_SWIFT_ASSET_SYMBOL_EXTENSIONS = YES;
				CLANG_ANALYZER_LOCALIZABILITY_NONLOCALIZED = YES;
				CLANG_ANALYZER_NONNULL = YES;
				CLANG_ANALYZER_NUMBER_OBJECT_CONVERSION = YES_AGGRESSIVE;
				CLANG_CXX_LANGUAGE_STANDARD = "gnu++20";
				CLANG_ENABLE_MODULES = YES;
				CLANG_ENABLE_OBJC_ARC = YES;
				CLANG_ENABLE_OBJC_WEAK = YES;
				CLANG_WARN_BLOCK_CAPTURE_AUTORELEASING = YES;
				CLANG_WARN_BOOL_CONVERSION = YES;
				CLANG_WARN_COMMA = YES;
				CLANG_WARN_CONSTANT_CONVERSION = YES;
				CLANG_WARN_DEPRECATED_OBJC_IMPLEMENTATIONS = YES;
				CLANG_WARN_DIRECT_OBJC_ISA_USAGE = YES_ERROR;
				CLANG_WARN_DOCUMENTATION_COMMENTS = YES;
				CLANG_WARN_EMPTY_BODY = YES;
				CLANG_WARN_ENUM_CONVERSION = YES;
				CLANG_WARN_INFINITE_RECURSION = YES;
				CLANG_WARN_INT_CONVERSION = YES;
				CLANG_WARN_NON_LITERAL_NULL_CONVERSION = YES;
				CLANG_WARN_OBJC_IMPLICIT_RETAIN_SELF = YES;
				CLANG_WARN_OBJC_LITERAL_CONVERSION = YES;
				CLANG_WARN_OBJC_ROOT_CLASS = YES_ERROR;
				CLANG_WARN_QUOTED_INCLUDE_IN_FRAMEWORK_HEADER = YES;
				CLANG_WARN_RANGE_LOOP_ANALYSIS = YES;
				CLANG_WARN_STRICT_PROTOTYPES = YES;
				CLANG_WARN_SUSPICIOUS_MOVE = YES;
				CLANG_WARN_UNGUARDED_AVAILABILITY = YES_AGGRESSIVE;
				CLANG_WARN_UNREACHABLE_CODE = YES;
				CLANG_WARN__DUPLICATE_METHOD_MATCH = YES;
				COPY_PHASE_STRIP = NO;
				DEAD_CODE_STRIPPING = YES;
				DEBUG_INFORMATION_FORMAT = "dwarf-with-dsym";
				ENABLE_NS_ASSERTIONS = NO;
				ENABLE_STRICT_OBJC_MSGSEND = YES;
				ENABLE_USER_SCRIPT_SANDBOXING = YES;
				GCC_C_LANGUAGE_STANDARD = gnu11;
				GCC_NO_COMMON_BLOCKS = YES;
				GCC_WARN_64_TO_32_BIT_CONVERSION = YES;
				GCC_WARN_ABOUT_RETURN_TYPE = YES_ERROR;
				GCC_WARN_UNDECLARED_SELECTOR = YES;
				GCC_WARN_UNINITIALIZED_AUTOS = YES_AGGRESSIVE;
				GCC_WARN_UNUSED_FUNCTION = YES;
				GCC_WARN_UNUSED_VARIABLE = YES;
				MACOSX_DEPLOYMENT_TARGET = 13.0;
				MTL_ENABLE_DEBUG_INFO = NO;
				MTL_FAST_MATH = YES;
				SDKROOT = macosx;
				STRING_CATALOG_GENERATE_SYMBOLS = YES;
				SWIFT_COMPILATION_MODE = wholemodule;
				SWIFT_EMIT_LOC_STRINGS = YES;
				SWIFT_OPTIMIZATION_LEVEL = "-O";
			};
			name = Release;
		};
		CB2CDF102924E8D900E81836 /* Debug */ = {
			isa = XCBuildConfiguration;
			buildSettings = {
				ASSETCATALOG_COMPILER_APPICON_NAME = PasteDirect;
				ASSETCATALOG_COMPILER_GLOBAL_ACCENT_COLOR_NAME = AccentColor;
				ASSETCATALOG_COMPILER_INCLUDE_ALL_APPICON_ASSETS = YES;
				CODE_SIGN_ENTITLEMENTS = PasteDirect/PasteDirect.entitlements;
				CODE_SIGN_IDENTITY = "PasteDirect Code Signing Certificate";
				"CODE_SIGN_IDENTITY[sdk=macosx*]" = "PasteDirect Code Signing Certificate";
				CODE_SIGN_STYLE = Manual;
				COMBINE_HIDPI_IMAGES = YES;
				CURRENT_PROJECT_VERSION = 1;
				DEAD_CODE_STRIPPING = YES;
				DEVELOPMENT_TEAM = "";
				ENABLE_APP_SANDBOX = YES;
				ENABLE_USER_SELECTED_FILES = readonly;
				INFOPLIST_FILE = "$(SRCROOT)/PasteDirect/info.plist";
				INFOPLIST_KEY_CFBundleDisplayName = PasteDirect;
				INFOPLIST_KEY_LSApplicationCategoryType = "public.app-category.utilities";
				INFOPLIST_KEY_NSHumanReadableCopyright = "";
				INFOPLIST_KEY_NSMainStoryboardFile = Main;
				INFOPLIST_KEY_NSPrincipalClass = NSApplication;
				LD_RUNPATH_SEARCH_PATHS = (
					"$(inherited)",
					"@executable_path/../Frameworks",
				);
				MACOSX_DEPLOYMENT_TARGET = 13.0;
				MARKETING_VERSION = 3.0.0;
				PRODUCT_BUNDLE_IDENTIFIER = com.nanshanyi.PasteDirect;
				PRODUCT_NAME = "$(TARGET_NAME)";
				PROVISIONING_PROFILE_SPECIFIER = "";
				SWIFT_EMIT_LOC_STRINGS = YES;
				SWIFT_OBJC_BRIDGING_HEADER = "";
				SWIFT_VERSION = 6;
			};
			name = Debug;
		};
		CB2CDF112924E8D900E81836 /* Release */ = {
			isa = XCBuildConfiguration;
			buildSettings = {
				ASSETCATALOG_COMPILER_APPICON_NAME = PasteDirect;
				ASSETCATALOG_COMPILER_GLOBAL_ACCENT_COLOR_NAME = AccentColor;
				ASSETCATALOG_COMPILER_INCLUDE_ALL_APPICON_ASSETS = YES;
				CODE_SIGN_ENTITLEMENTS = PasteDirect/PasteDirect.entitlements;
				CODE_SIGN_IDENTITY = "PasteDirect Code Signing Certificate";
				"CODE_SIGN_IDENTITY[sdk=macosx*]" = "PasteDirect Code Signing Certificate";
				CODE_SIGN_STYLE = Manual;
				COMBINE_HIDPI_IMAGES = YES;
				CURRENT_PROJECT_VERSION = 1;
				DEAD_CODE_STRIPPING = YES;
				DEVELOPMENT_TEAM = "";
				ENABLE_APP_SANDBOX = YES;
				ENABLE_INCOMING_NETWORK_CONNECTIONS = NO;
				ENABLE_OUTGOING_NETWORK_CONNECTIONS = NO;
				ENABLE_RESOURCE_ACCESS_AUDIO_INPUT = NO;
				ENABLE_RESOURCE_ACCESS_BLUETOOTH = NO;
				ENABLE_RESOURCE_ACCESS_CALENDARS = NO;
				ENABLE_RESOURCE_ACCESS_CAMERA = NO;
				ENABLE_RESOURCE_ACCESS_CONTACTS = NO;
				ENABLE_RESOURCE_ACCESS_LOCATION = NO;
				ENABLE_RESOURCE_ACCESS_PRINTING = NO;
				ENABLE_RESOURCE_ACCESS_USB = NO;
				ENABLE_USER_SELECTED_FILES = readonly;
				INFOPLIST_FILE = "$(SRCROOT)/PasteDirect/info.plist";
				INFOPLIST_KEY_CFBundleDisplayName = PasteDirect;
				INFOPLIST_KEY_LSApplicationCategoryType = "public.app-category.utilities";
				INFOPLIST_KEY_NSHumanReadableCopyright = "";
				INFOPLIST_KEY_NSMainStoryboardFile = Main;
				INFOPLIST_KEY_NSPrincipalClass = NSApplication;
				LD_RUNPATH_SEARCH_PATHS = (
					"$(inherited)",
					"@executable_path/../Frameworks",
				);
				MACOSX_DEPLOYMENT_TARGET = 13.0;
				MARKETING_VERSION = 3.0.0;
				PRODUCT_BUNDLE_IDENTIFIER = com.nanshanyi.PasteDirect;
				PRODUCT_NAME = "$(TARGET_NAME)";
				PROVISIONING_PROFILE_SPECIFIER = "";
				SWIFT_EMIT_LOC_STRINGS = YES;
				SWIFT_OBJC_BRIDGING_HEADER = "";
				SWIFT_VERSION = 6;
			};
			name = Release;
		};
		CB2CDF132924E8D900E81836 /* Debug */ = {
			isa = XCBuildConfiguration;
			buildSettings = {
				BUNDLE_LOADER = "$(TEST_HOST)";
				CODE_SIGN_STYLE = Automatic;
				CURRENT_PROJECT_VERSION = 1;
				DEAD_CODE_STRIPPING = YES;
				GENERATE_INFOPLIST_FILE = YES;
				MACOSX_DEPLOYMENT_TARGET = 13.0;
				MARKETING_VERSION = 1.0;
				PRODUCT_BUNDLE_IDENTIFIER = nanshanyi.PasteDirectTests;
				PRODUCT_NAME = "$(TARGET_NAME)";
				SWIFT_EMIT_LOC_STRINGS = NO;
				SWIFT_VERSION = 6;
				TEST_HOST = "$(BUILT_PRODUCTS_DIR)/PasteDirect.app/$(BUNDLE_EXECUTABLE_FOLDER_PATH)/PasteDirect";
			};
			name = Debug;
		};
		CB2CDF142924E8D900E81836 /* Release */ = {
			isa = XCBuildConfiguration;
			buildSettings = {
				BUNDLE_LOADER = "$(TEST_HOST)";
				CODE_SIGN_STYLE = Automatic;
				CURRENT_PROJECT_VERSION = 1;
				DEAD_CODE_STRIPPING = YES;
				GENERATE_INFOPLIST_FILE = YES;
				MACOSX_DEPLOYMENT_TARGET = 13.0;
				MARKETING_VERSION = 1.0;
				PRODUCT_BUNDLE_IDENTIFIER = nanshanyi.PasteDirectTests;
				PRODUCT_NAME = "$(TARGET_NAME)";
				SWIFT_EMIT_LOC_STRINGS = NO;
				SWIFT_VERSION = 6;
				TEST_HOST = "$(BUILT_PRODUCTS_DIR)/PasteDirect.app/$(BUNDLE_EXECUTABLE_FOLDER_PATH)/PasteDirect";
			};
			name = Release;
		};
		CB2CDF162924E8D900E81836 /* Debug */ = {
			isa = XCBuildConfiguration;
			buildSettings = {
				CODE_SIGN_STYLE = Automatic;
				CURRENT_PROJECT_VERSION = 1;
				DEAD_CODE_STRIPPING = YES;
				GENERATE_INFOPLIST_FILE = YES;
				MARKETING_VERSION = 1.0;
				PRODUCT_BUNDLE_IDENTIFIER = nanshanyi.PasteDirectUITests;
				PRODUCT_NAME = "$(TARGET_NAME)";
				SWIFT_EMIT_LOC_STRINGS = NO;
				SWIFT_VERSION = 6;
				TEST_TARGET_NAME = PasteDirect;
			};
			name = Debug;
		};
		CB2CDF172924E8D900E81836 /* Release */ = {
			isa = XCBuildConfiguration;
			buildSettings = {
				CODE_SIGN_STYLE = Automatic;
				CURRENT_PROJECT_VERSION = 1;
				DEAD_CODE_STRIPPING = YES;
				GENERATE_INFOPLIST_FILE = YES;
				MARKETING_VERSION = 1.0;
				PRODUCT_BUNDLE_IDENTIFIER = nanshanyi.PasteDirectUITests;
				PRODUCT_NAME = "$(TARGET_NAME)";
				SWIFT_EMIT_LOC_STRINGS = NO;
				SWIFT_VERSION = 6;
				TEST_TARGET_NAME = PasteDirect;
			};
			name = Release;
		};
/* End XCBuildConfiguration section */

/* Begin XCConfigurationList section */
		CB2CDEE52924E8D500E81836 /* Build configuration list for PBXProject "PasteDirect" */ = {
			isa = XCConfigurationList;
			buildConfigurations = (
				CB2CDF0D2924E8D900E81836 /* Debug */,
				CB2CDF0E2924E8D900E81836 /* Release */,
			);
			defaultConfigurationIsVisible = 0;
			defaultConfigurationName = Release;
		};
		CB2CDF0F2924E8D900E81836 /* Build configuration list for PBXNativeTarget "PasteDirect" */ = {
			isa = XCConfigurationList;
			buildConfigurations = (
				CB2CDF102924E8D900E81836 /* Debug */,
				CB2CDF112924E8D900E81836 /* Release */,
			);
			defaultConfigurationIsVisible = 0;
			defaultConfigurationName = Release;
		};
		CB2CDF122924E8D900E81836 /* Build configuration list for PBXNativeTarget "PasteDirectTests" */ = {
			isa = XCConfigurationList;
			buildConfigurations = (
				CB2CDF132924E8D900E81836 /* Debug */,
				CB2CDF142924E8D900E81836 /* Release */,
			);
			defaultConfigurationIsVisible = 0;
			defaultConfigurationName = Release;
		};
		CB2CDF152924E8D900E81836 /* Build configuration list for PBXNativeTarget "PasteDirectUITests" */ = {
			isa = XCConfigurationList;
			buildConfigurations = (
				CB2CDF162924E8D900E81836 /* Debug */,
				CB2CDF172924E8D900E81836 /* Release */,
			);
			defaultConfigurationIsVisible = 0;
			defaultConfigurationName = Release;
		};
/* End XCConfigurationList section */

/* Begin XCRemoteSwiftPackageReference section */
		CB9986F42925FF46007E585C /* XCRemoteSwiftPackageReference "KeyboardShortcuts" */ = {
			isa = XCRemoteSwiftPackageReference;
			repositoryURL = "https://github.com/sindresorhus/KeyboardShortcuts";
			requirement = {
				kind = upToNextMajorVersion;
				minimumVersion = 2.0.1;
			};
		};
		CB9986FD29260015007E585C /* XCRemoteSwiftPackageReference "SQLite.swift" */ = {
			isa = XCRemoteSwiftPackageReference;
			repositoryURL = "https://github.com/stephencelis/SQLite.swift.git";
			requirement = {
				kind = upToNextMajorVersion;
				minimumVersion = 0.15.3;
			};
		};
		CB99870029260372007E585C /* XCRemoteSwiftPackageReference "SnapKit" */ = {
			isa = XCRemoteSwiftPackageReference;
			repositoryURL = "https://github.com/SnapKit/SnapKit.git";
			requirement = {
				kind = upToNextMajorVersion;
				minimumVersion = 5.0.0;
			};
		};
/* End XCRemoteSwiftPackageReference section */

/* Begin XCSwiftPackageProductDependency section */
		CB9986F52925FF46007E585C /* KeyboardShortcuts */ = {
			isa = XCSwiftPackageProductDependency;
			package = CB9986F42925FF46007E585C /* XCRemoteSwiftPackageReference "KeyboardShortcuts" */;
			productName = KeyboardShortcuts;
		};
		CB9986FE29260015007E585C /* SQLite */ = {
			isa = XCSwiftPackageProductDependency;
			package = CB9986FD29260015007E585C /* XCRemoteSwiftPackageReference "SQLite.swift" */;
			productName = SQLite;
		};
		CB99870129260372007E585C /* SnapKit */ = {
			isa = XCSwiftPackageProductDependency;
			package = CB99870029260372007E585C /* XCRemoteSwiftPackageReference "SnapKit" */;
			productName = SnapKit;
		};
/* End XCSwiftPackageProductDependency section */
	};
	rootObject = CB2CDEE22924E8D500E81836 /* Project object */;
}
