// !$*UTF8*$!
{
	archiveVersion = 1;
	classes = {
	};
	objectVersion = 56;
	objects = {

/* Begin PBXBuildFile section */
		CB1726302B440C1C002CC472 /* KeyHelper.swift in Sources */ = {isa = PBXBuildFile; fileRef = CB17262F2B440C1C002CC472 /* KeyHelper.swift */; };
		CB2CDEF22924E8D800E81836 /* Assets.xcassets in Resources */ = {isa = PBXBuildFile; fileRef = CB2CDEF12924E8D800E81836 /* Assets.xcassets */; };
		CB2CDF002924E8D900E81836 /* PasteDirectTests.swift in Sources */ = {isa = PBXBuildFile; fileRef = CB2CDEFF2924E8D900E81836 /* PasteDirectTests.swift */; };
		CB2CDF0A2924E8D900E81836 /* PasteDirectUITests.swift in Sources */ = {isa = PBXBuildFile; fileRef = CB2CDF092924E8D900E81836 /* PasteDirectUITests.swift */; };
		CB2CDF0C2924E8D900E81836 /* PasteDirectUITestsLaunchTests.swift in Sources */ = {isa = PBXBuildFile; fileRef = CB2CDF0B2924E8D900E81836 /* PasteDirectUITestsLaunchTests.swift */; };
		CB2CDF732924ECAD00E81836 /* Helps.swift in Sources */ = {isa = PBXBuildFile; fileRef = CB2CDF592924ECAB00E81836 /* Helps.swift */; };
		CB2CDF742924ECAE00E81836 /* KeyboardShortcuts+Extension.swift in Sources */ = {isa = PBXBuildFile; fileRef = CB2CDF5A2924ECAB00E81836 /* KeyboardShortcuts+Extension.swift */; };
		CB2CDF752924ECAE00E81836 /* UIImageColors.swift in Sources */ = {isa = PBXBuildFile; fileRef = CB2CDF5B2924ECAB00E81836 /* UIImageColors.swift */; };
		CB2CDF762924ECAE00E81836 /* PrefKey.swift in Sources */ = {isa = PBXBuildFile; fileRef = CB2CDF5D2924ECAB00E81836 /* PrefKey.swift */; };
		CB2CDF772924ECAE00E81836 /* PasteShortcutsSettingViewController.xib in Resources */ = {isa = PBXBuildFile; fileRef = CB2CDF5F2924ECAB00E81836 /* PasteShortcutsSettingViewController.xib */; };
		CB2CDF782924ECAE00E81836 /* PasteGeneralSettingsViewController.xib in Resources */ = {isa = PBXBuildFile; fileRef = CB2CDF602924ECAB00E81836 /* PasteGeneralSettingsViewController.xib */; };
		CB2CDF792924ECAE00E81836 /* PasteShortcutsSettingViewController.swift in Sources */ = {isa = PBXBuildFile; fileRef = CB2CDF612924ECAB00E81836 /* PasteShortcutsSettingViewController.swift */; };
		CB2CDF7A2924ECAE00E81836 /* PasteMainViewController.swift in Sources */ = {isa = PBXBuildFile; fileRef = CB2CDF622924ECAB00E81836 /* PasteMainViewController.swift */; };
		CB2CDF7B2924ECAE00E81836 /* PasteGeneralSettingsViewController.swift in Sources */ = {isa = PBXBuildFile; fileRef = CB2CDF632924ECAB00E81836 /* PasteGeneralSettingsViewController.swift */; };
		CB2CDF7C2924ECAE00E81836 /* PasteMainWindow.swift in Sources */ = {isa = PBXBuildFile; fileRef = CB2CDF652924ECAC00E81836 /* PasteMainWindow.swift */; };
		CB2CDF7D2924ECAE00E81836 /* PasteMainWindowController.swift in Sources */ = {isa = PBXBuildFile; fileRef = CB2CDF662924ECAC00E81836 /* PasteMainWindowController.swift */; };
		CB2CDF7E2924ECAE00E81836 /* PasteAppDelegate.swift in Sources */ = {isa = PBXBuildFile; fileRef = CB2CDF672924ECAC00E81836 /* PasteAppDelegate.swift */; };
		CB2CDF7F2924ECAE00E81836 /* main.swift in Sources */ = {isa = PBXBuildFile; fileRef = CB2CDF682924ECAC00E81836 /* main.swift */; };
		CB2CDF802924ECAE00E81836 /* PasteWindowInfo.swift in Sources */ = {isa = PBXBuildFile; fileRef = CB2CDF6A2924ECAC00E81836 /* PasteWindowInfo.swift */; };
		CB2CDF812924ECAE00E81836 /* PasteboardModel.swift in Sources */ = {isa = PBXBuildFile; fileRef = CB2CDF6B2924ECAC00E81836 /* PasteboardModel.swift */; };
		CB2CDF822924ECAE00E81836 /* PasteDataStore.swift in Sources */ = {isa = PBXBuildFile; fileRef = CB2CDF6C2924ECAC00E81836 /* PasteDataStore.swift */; };
		CB2CDF832924ECAE00E81836 /* PasteSQLManager.swift in Sources */ = {isa = PBXBuildFile; fileRef = CB2CDF6D2924ECAC00E81836 /* PasteSQLManager.swift */; };
		CB2CDF842924ECAE00E81836 /* PasteBoard.swift in Sources */ = {isa = PBXBuildFile; fileRef = CB2CDF6E2924ECAC00E81836 /* PasteBoard.swift */; };
		CB2CDF852924ECAE00E81836 /* PasteScrollView.swift in Sources */ = {isa = PBXBuildFile; fileRef = CB2CDF702924ECAD00E81836 /* PasteScrollView.swift */; };
		CB2CDF8A2924ED1D00E81836 /* UIColorHexSwift in Frameworks */ = {isa = PBXBuildFile; productRef = CB2CDF892924ED1D00E81836 /* UIColorHexSwift */; };
		CB368BD42C789D5000BA72F3 /* NScolor+Extension.swift in Sources */ = {isa = PBXBuildFile; fileRef = CB368BD32C789D5000BA72F3 /* NScolor+Extension.swift */; };
		CB368BD72C78A04100BA72F3 /* NSLabel.swift in Sources */ = {isa = PBXBuildFile; fileRef = CB368BD62C78A04100BA72F3 /* NSLabel.swift */; };
		CB3A438C2B3AF29D00816B52 /* Log.swift in Sources */ = {isa = PBXBuildFile; fileRef = CB3A438B2B3AF29D00816B52 /* Log.swift */; };
		CB3A438E2B3AFA0700816B52 /* UserInterfaceItemIdentifier.swift in Sources */ = {isa = PBXBuildFile; fileRef = CB3A438D2B3AFA0700816B52 /* UserInterfaceItemIdentifier.swift */; };
		CB5044DE2C5CD4F700F9DE75 /* PasteboardWritingItem.swift in Sources */ = {isa = PBXBuildFile; fileRef = CB5044DD2C5CD4F700F9DE75 /* PasteboardWritingItem.swift */; };
		CB5320AC2B3596B5006C4B5D /* PasteSearchField.swift in Sources */ = {isa = PBXBuildFile; fileRef = CB5320AB2B3596B5006C4B5D /* PasteSearchField.swift */; };
		CB58CF022C69BB20008BE1A4 /* Settings in Frameworks */ = {isa = PBXBuildFile; productRef = CB58CF012C69BB20008BE1A4 /* Settings */; };
		CB96417A2C2D752C0099F12F /* RxCocoa in Frameworks */ = {isa = PBXBuildFile; productRef = CB9641792C2D752C0099F12F /* RxCocoa */; };
		CB96417C2C2D752C0099F12F /* RxSwift in Frameworks */ = {isa = PBXBuildFile; productRef = CB96417B2C2D752C0099F12F /* RxSwift */; };
		CB9986F62925FF46007E585C /* KeyboardShortcuts in Frameworks */ = {isa = PBXBuildFile; productRef = CB9986F52925FF46007E585C /* KeyboardShortcuts */; };
		CB9986FF29260015007E585C /* SQLite in Frameworks */ = {isa = PBXBuildFile; productRef = CB9986FE29260015007E585C /* SQLite */; };
		CB99870229260372007E585C /* SnapKit in Frameworks */ = {isa = PBXBuildFile; productRef = CB99870129260372007E585C /* SnapKit */; };
		CBABF7862B344A6600D3A095 /* Then.swift in Sources */ = {isa = PBXBuildFile; fileRef = CBABF7852B344A6600D3A095 /* Then.swift */; };
		CBC127182C32D17900E5DBEF /* Date+Extension.swift in Sources */ = {isa = PBXBuildFile; fileRef = CBC127172C32D17900E5DBEF /* Date+Extension.swift */; };
		CBD5E39A2C3BD76C00F0F95F /* NSCollectionView+Extension.swift in Sources */ = {isa = PBXBuildFile; fileRef = CBD5E3992C3BD76C00F0F95F /* NSCollectionView+Extension.swift */; };
		CBD5E39D2C3BDB6500F0F95F /* PasteIgnoreListController.xib in Resources */ = {isa = PBXBuildFile; fileRef = CBD5E39C2C3BDB6500F0F95F /* PasteIgnoreListController.xib */; };
		CBD5E39E2C3BDB6500F0F95F /* PasteIgnoreListController.swift in Sources */ = {isa = PBXBuildFile; fileRef = CBD5E39B2C3BDB6500F0F95F /* PasteIgnoreListController.swift */; };
		CBD5E3A32C3BFF4D00F0F95F /* PasteIgnoreListCellView.swift in Sources */ = {isa = PBXBuildFile; fileRef = CBD5E3A22C3BFF4D00F0F95F /* PasteIgnoreListCellView.swift */; };
		CBD5E3AB2C3D0B6A00F0F95F /* NSTextField+Extension.swift in Sources */ = {isa = PBXBuildFile; fileRef = CBD5E3AA2C3D0B6A00F0F95F /* NSTextField+Extension.swift */; };
		CBD5E3B12C3E3EF100F0F95F /* PasteUserDefaults.swift in Sources */ = {isa = PBXBuildFile; fileRef = CBD5E3B02C3E3EF100F0F95F /* PasteUserDefaults.swift */; };
		CBD5E3B32C3E68EF00F0F95F /* PasteCollectionViewItem.swift in Sources */ = {isa = PBXBuildFile; fileRef = CBD5E3B22C3E68EF00F0F95F /* PasteCollectionViewItem.swift */; };
		CBD5E3B52C3E88F500F0F95F /* PasteEffectImageView.swift in Sources */ = {isa = PBXBuildFile; fileRef = CBD5E3B42C3E88F500F0F95F /* PasteEffectImageView.swift */; };
		CBD5E3B72C3E8BC200F0F95F /* Layout.swift in Sources */ = {isa = PBXBuildFile; fileRef = CBD5E3B62C3E8BC200F0F95F /* Layout.swift */; };
		CBD5E3B92C3FC01C00F0F95F /* PasteBoardType.swift in Sources */ = {isa = PBXBuildFile; fileRef = CBD5E3B82C3FC01C00F0F95F /* PasteBoardType.swift */; };
		CBD5E3BB2C3FCE3600F0F95F /* NSAttributeString+Extension.swift in Sources */ = {isa = PBXBuildFile; fileRef = CBD5E3BA2C3FCE3600F0F95F /* NSAttributeString+Extension.swift */; };
/* End PBXBuildFile section */

/* Begin PBXContainerItemProxy section */
		CB2CDEFC2924E8D900E81836 /* PBXContainerItemProxy */ = {
			isa = PBXContainerItemProxy;
			containerPortal = CB2CDEE22924E8D500E81836 /* Project object */;
			proxyType = 1;
			remoteGlobalIDString = CB2CDEE92924E8D500E81836;
			remoteInfo = PasteDirect;
		};
		CB2CDF062924E8D900E81836 /* PBXContainerItemProxy */ = {
			isa = PBXContainerItemProxy;
			containerPortal = CB2CDEE22924E8D500E81836 /* Project object */;
			proxyType = 1;
			remoteGlobalIDString = CB2CDEE92924E8D500E81836;
			remoteInfo = PasteDirect;
		};
/* End PBXContainerItemProxy section */

/* Begin PBXCopyFilesBuildPhase section */
		CB2CDF562924EB4B00E81836 /* CopyFiles */ = {
			isa = PBXCopyFilesBuildPhase;
			buildActionMask = 2147483647;
			dstPath = Contents/Library/LoginItems;
			dstSubfolderSpec = 1;
			files = (
			);
			runOnlyForDeploymentPostprocessing = 0;
		};
/* End PBXCopyFilesBuildPhase section */

/* Begin PBXFileReference section */
		CB17262F2B440C1C002CC472 /* KeyHelper.swift */ = {isa = PBXFileReference; lastKnownFileType = sourcecode.swift; path = KeyHelper.swift; sourceTree = "<group>"; };
		CB2CDEEA2924E8D500E81836 /* PasteDirect.app */ = {isa = PBXFileReference; explicitFileType = wrapper.application; includeInIndex = 0; path = PasteDirect.app; sourceTree = BUILT_PRODUCTS_DIR; };
		CB2CDEF12924E8D800E81836 /* Assets.xcassets */ = {isa = PBXFileReference; lastKnownFileType = folder.assetcatalog; path = Assets.xcassets; sourceTree = "<group>"; };
		CB2CDEF62924E8D800E81836 /* PasteDirect.entitlements */ = {isa = PBXFileReference; lastKnownFileType = text.plist.entitlements; path = PasteDirect.entitlements; sourceTree = "<group>"; };
		CB2CDEFB2924E8D900E81836 /* PasteDirectTests.xctest */ = {isa = PBXFileReference; explicitFileType = wrapper.cfbundle; includeInIndex = 0; path = PasteDirectTests.xctest; sourceTree = BUILT_PRODUCTS_DIR; };
		CB2CDEFF2924E8D900E81836 /* PasteDirectTests.swift */ = {isa = PBXFileReference; lastKnownFileType = sourcecode.swift; path = PasteDirectTests.swift; sourceTree = "<group>"; };
		CB2CDF052924E8D900E81836 /* PasteDirectUITests.xctest */ = {isa = PBXFileReference; explicitFileType = wrapper.cfbundle; includeInIndex = 0; path = PasteDirectUITests.xctest; sourceTree = BUILT_PRODUCTS_DIR; };
		CB2CDF092924E8D900E81836 /* PasteDirectUITests.swift */ = {isa = PBXFileReference; lastKnownFileType = sourcecode.swift; path = PasteDirectUITests.swift; sourceTree = "<group>"; };
		CB2CDF0B2924E8D900E81836 /* PasteDirectUITestsLaunchTests.swift */ = {isa = PBXFileReference; lastKnownFileType = sourcecode.swift; path = PasteDirectUITestsLaunchTests.swift; sourceTree = "<group>"; };
		CB2CDF592924ECAB00E81836 /* Helps.swift */ = {isa = PBXFileReference; fileEncoding = 4; lastKnownFileType = sourcecode.swift; path = Helps.swift; sourceTree = "<group>"; };
		CB2CDF5A2924ECAB00E81836 /* KeyboardShortcuts+Extension.swift */ = {isa = PBXFileReference; fileEncoding = 4; lastKnownFileType = sourcecode.swift; path = "KeyboardShortcuts+Extension.swift"; sourceTree = "<group>"; };
		CB2CDF5B2924ECAB00E81836 /* UIImageColors.swift */ = {isa = PBXFileReference; fileEncoding = 4; lastKnownFileType = sourcecode.swift; path = UIImageColors.swift; sourceTree = "<group>"; };
		CB2CDF5D2924ECAB00E81836 /* PrefKey.swift */ = {isa = PBXFileReference; fileEncoding = 4; lastKnownFileType = sourcecode.swift; path = PrefKey.swift; sourceTree = "<group>"; };
		CB2CDF5F2924ECAB00E81836 /* PasteShortcutsSettingViewController.xib */ = {isa = PBXFileReference; fileEncoding = 4; lastKnownFileType = file.xib; path = PasteShortcutsSettingViewController.xib; sourceTree = "<group>"; };
		CB2CDF602924ECAB00E81836 /* PasteGeneralSettingsViewController.xib */ = {isa = PBXFileReference; fileEncoding = 4; lastKnownFileType = file.xib; path = PasteGeneralSettingsViewController.xib; sourceTree = "<group>"; };
		CB2CDF612924ECAB00E81836 /* PasteShortcutsSettingViewController.swift */ = {isa = PBXFileReference; fileEncoding = 4; lastKnownFileType = sourcecode.swift; path = PasteShortcutsSettingViewController.swift; sourceTree = "<group>"; };
		CB2CDF622924ECAB00E81836 /* PasteMainViewController.swift */ = {isa = PBXFileReference; fileEncoding = 4; lastKnownFileType = sourcecode.swift; path = PasteMainViewController.swift; sourceTree = "<group>"; };
		CB2CDF632924ECAB00E81836 /* PasteGeneralSettingsViewController.swift */ = {isa = PBXFileReference; fileEncoding = 4; lastKnownFileType = sourcecode.swift; path = PasteGeneralSettingsViewController.swift; sourceTree = "<group>"; };
		CB2CDF652924ECAC00E81836 /* PasteMainWindow.swift */ = {isa = PBXFileReference; fileEncoding = 4; lastKnownFileType = sourcecode.swift; path = PasteMainWindow.swift; sourceTree = "<group>"; };
		CB2CDF662924ECAC00E81836 /* PasteMainWindowController.swift */ = {isa = PBXFileReference; fileEncoding = 4; lastKnownFileType = sourcecode.swift; path = PasteMainWindowController.swift; sourceTree = "<group>"; };
		CB2CDF672924ECAC00E81836 /* PasteAppDelegate.swift */ = {isa = PBXFileReference; fileEncoding = 4; lastKnownFileType = sourcecode.swift; path = PasteAppDelegate.swift; sourceTree = "<group>"; };
		CB2CDF682924ECAC00E81836 /* main.swift */ = {isa = PBXFileReference; fileEncoding = 4; lastKnownFileType = sourcecode.swift; path = main.swift; sourceTree = "<group>"; };
		CB2CDF6A2924ECAC00E81836 /* PasteWindowInfo.swift */ = {isa = PBXFileReference; fileEncoding = 4; lastKnownFileType = sourcecode.swift; path = PasteWindowInfo.swift; sourceTree = "<group>"; };
		CB2CDF6B2924ECAC00E81836 /* PasteboardModel.swift */ = {isa = PBXFileReference; fileEncoding = 4; lastKnownFileType = sourcecode.swift; path = PasteboardModel.swift; sourceTree = "<group>"; };
		CB2CDF6C2924ECAC00E81836 /* PasteDataStore.swift */ = {isa = PBXFileReference; fileEncoding = 4; lastKnownFileType = sourcecode.swift; path = PasteDataStore.swift; sourceTree = "<group>"; };
		CB2CDF6D2924ECAC00E81836 /* PasteSQLManager.swift */ = {isa = PBXFileReference; fileEncoding = 4; lastKnownFileType = sourcecode.swift; path = PasteSQLManager.swift; sourceTree = "<group>"; };
		CB2CDF6E2924ECAC00E81836 /* PasteBoard.swift */ = {isa = PBXFileReference; fileEncoding = 4; lastKnownFileType = sourcecode.swift; path = PasteBoard.swift; sourceTree = "<group>"; };
		CB2CDF702924ECAD00E81836 /* PasteScrollView.swift */ = {isa = PBXFileReference; fileEncoding = 4; lastKnownFileType = sourcecode.swift; path = PasteScrollView.swift; sourceTree = "<group>"; };
		CB2CDF8F2924EFF700E81836 /* Info.plist */ = {isa = PBXFileReference; fileEncoding = 4; lastKnownFileType = text.plist.xml; path = Info.plist; sourceTree = "<group>"; };
		CB368BD32C789D5000BA72F3 /* NScolor+Extension.swift */ = {isa = PBXFileReference; lastKnownFileType = sourcecode.swift; path = "NScolor+Extension.swift"; sourceTree = "<group>"; };
		CB368BD62C78A04100BA72F3 /* NSLabel.swift */ = {isa = PBXFileReference; lastKnownFileType = sourcecode.swift; path = NSLabel.swift; sourceTree = "<group>"; };
		CB3A438B2B3AF29D00816B52 /* Log.swift */ = {isa = PBXFileReference; lastKnownFileType = sourcecode.swift; path = Log.swift; sourceTree = "<group>"; };
		CB3A438D2B3AFA0700816B52 /* UserInterfaceItemIdentifier.swift */ = {isa = PBXFileReference; lastKnownFileType = sourcecode.swift; path = UserInterfaceItemIdentifier.swift; sourceTree = "<group>"; };
		CB5044DD2C5CD4F700F9DE75 /* PasteboardWritingItem.swift */ = {isa = PBXFileReference; lastKnownFileType = sourcecode.swift; path = PasteboardWritingItem.swift; sourceTree = "<group>"; };
		CB5320AB2B3596B5006C4B5D /* PasteSearchField.swift */ = {isa = PBXFileReference; lastKnownFileType = sourcecode.swift; path = PasteSearchField.swift; sourceTree = "<group>"; };
		CBABF7852B344A6600D3A095 /* Then.swift */ = {isa = PBXFileReference; lastKnownFileType = sourcecode.swift; path = Then.swift; sourceTree = "<group>"; };
		CBC127172C32D17900E5DBEF /* Date+Extension.swift */ = {isa = PBXFileReference; lastKnownFileType = sourcecode.swift; path = "Date+Extension.swift"; sourceTree = "<group>"; };
		CBD5E3992C3BD76C00F0F95F /* NSCollectionView+Extension.swift */ = {isa = PBXFileReference; lastKnownFileType = sourcecode.swift; path = "NSCollectionView+Extension.swift"; sourceTree = "<group>"; };
		CBD5E39B2C3BDB6500F0F95F /* PasteIgnoreListController.swift */ = {isa = PBXFileReference; lastKnownFileType = sourcecode.swift; path = PasteIgnoreListController.swift; sourceTree = "<group>"; };
		CBD5E39C2C3BDB6500F0F95F /* PasteIgnoreListController.xib */ = {isa = PBXFileReference; lastKnownFileType = file.xib; path = PasteIgnoreListController.xib; sourceTree = "<group>"; };
		CBD5E3A22C3BFF4D00F0F95F /* PasteIgnoreListCellView.swift */ = {isa = PBXFileReference; lastKnownFileType = sourcecode.swift; path = PasteIgnoreListCellView.swift; sourceTree = "<group>"; };
		CBD5E3AA2C3D0B6A00F0F95F /* NSTextField+Extension.swift */ = {isa = PBXFileReference; lastKnownFileType = sourcecode.swift; path = "NSTextField+Extension.swift"; sourceTree = "<group>"; };
		CBD5E3B02C3E3EF100F0F95F /* PasteUserDefaults.swift */ = {isa = PBXFileReference; lastKnownFileType = sourcecode.swift; path = PasteUserDefaults.swift; sourceTree = "<group>"; };
		CBD5E3B22C3E68EF00F0F95F /* PasteCollectionViewItem.swift */ = {isa = PBXFileReference; lastKnownFileType = sourcecode.swift; path = PasteCollectionViewItem.swift; sourceTree = "<group>"; };
		CBD5E3B42C3E88F500F0F95F /* PasteEffectImageView.swift */ = {isa = PBXFileReference; lastKnownFileType = sourcecode.swift; path = PasteEffectImageView.swift; sourceTree = "<group>"; };
		CBD5E3B62C3E8BC200F0F95F /* Layout.swift */ = {isa = PBXFileReference; lastKnownFileType = sourcecode.swift; path = Layout.swift; sourceTree = "<group>"; };
		CBD5E3B82C3FC01C00F0F95F /* PasteBoardType.swift */ = {isa = PBXFileReference; lastKnownFileType = sourcecode.swift; path = PasteBoardType.swift; sourceTree = "<group>"; };
		CBD5E3BA2C3FCE3600F0F95F /* NSAttributeString+Extension.swift */ = {isa = PBXFileReference; lastKnownFileType = sourcecode.swift; path = "NSAttributeString+Extension.swift"; sourceTree = "<group>"; };
/* End PBXFileReference section */

/* Begin PBXFrameworksBuildPhase section */
		CB2CDEE72924E8D500E81836 /* Frameworks */ = {
			isa = PBXFrameworksBuildPhase;
			buildActionMask = 2147483647;
			files = (
				CB58CF022C69BB20008BE1A4 /* Settings in Frameworks */,
				CB96417A2C2D752C0099F12F /* RxCocoa in Frameworks */,
				CB9986FF29260015007E585C /* SQLite in Frameworks */,
				CB2CDF8A2924ED1D00E81836 /* UIColorHexSwift in Frameworks */,
				CB9986F62925FF46007E585C /* KeyboardShortcuts in Frameworks */,
				CB99870229260372007E585C /* SnapKit in Frameworks */,
				CB96417C2C2D752C0099F12F /* RxSwift in Frameworks */,
			);
			runOnlyForDeploymentPostprocessing = 0;
		};
		CB2CDEF82924E8D900E81836 /* Frameworks */ = {
			isa = PBXFrameworksBuildPhase;
			buildActionMask = 2147483647;
			files = (
			);
			runOnlyForDeploymentPostprocessing = 0;
		};
		CB2CDF022924E8D900E81836 /* Frameworks */ = {
			isa = PBXFrameworksBuildPhase;
			buildActionMask = 2147483647;
			files = (
			);
			runOnlyForDeploymentPostprocessing = 0;
		};
/* End PBXFrameworksBuildPhase section */

/* Begin PBXGroup section */
		CB2CDEE12924E8D500E81836 = {
			isa = PBXGroup;
			children = (
				CB2CDEEC2924E8D500E81836 /* PasteDirect */,
				CB2CDEFE2924E8D900E81836 /* PasteDirectTests */,
				CB2CDF082924E8D900E81836 /* PasteDirectUITests */,
				CB2CDEEB2924E8D500E81836 /* Products */,
				CB8FE2E22925E71A008FEB96 /* Frameworks */,
			);
			sourceTree = "<group>";
		};
		CB2CDEEB2924E8D500E81836 /* Products */ = {
			isa = PBXGroup;
			children = (
				CB2CDEEA2924E8D500E81836 /* PasteDirect.app */,
				CB2CDEFB2924E8D900E81836 /* PasteDirectTests.xctest */,
				CB2CDF052924E8D900E81836 /* PasteDirectUITests.xctest */,
			);
			name = Products;
			sourceTree = "<group>";
		};
		CB2CDEEC2924E8D500E81836 /* PasteDirect */ = {
			isa = PBXGroup;
			children = (
				CB5999F82C6F275C00472E62 /* Source */,
				CB5999FA2C6F279D00472E62 /* Resource */,
				CB5999F92C6F276900472E62 /* Supporting Files */,
			);
			path = PasteDirect;
			sourceTree = "<group>";
		};
		CB2CDEFE2924E8D900E81836 /* PasteDirectTests */ = {
			isa = PBXGroup;
			children = (
				CB2CDEFF2924E8D900E81836 /* PasteDirectTests.swift */,
			);
			path = PasteDirectTests;
			sourceTree = "<group>";
		};
		CB2CDF082924E8D900E81836 /* PasteDirectUITests */ = {
			isa = PBXGroup;
			children = (
				CB2CDF092924E8D900E81836 /* PasteDirectUITests.swift */,
				CB2CDF0B2924E8D900E81836 /* PasteDirectUITestsLaunchTests.swift */,
			);
			path = PasteDirectUITests;
			sourceTree = "<group>";
		};
		CB2CDF582924ECAB00E81836 /* Utility */ = {
			isa = PBXGroup;
			children = (
				CB368BD52C78A01300BA72F3 /* UIComponent */,
				CBABF7842B344A2F00D3A095 /* Extension */,
				CB2CDF592924ECAB00E81836 /* Helps.swift */,
				CBD5E3B02C3E3EF100F0F95F /* PasteUserDefaults.swift */,
				CB2CDF5B2924ECAB00E81836 /* UIImageColors.swift */,
				CB2CDF5D2924ECAB00E81836 /* PrefKey.swift */,
				CB3A438B2B3AF29D00816B52 /* Log.swift */,
				CBD5E3B62C3E8BC200F0F95F /* Layout.swift */,
				CB17262F2B440C1C002CC472 /* KeyHelper.swift */,
				CB3A438D2B3AFA0700816B52 /* UserInterfaceItemIdentifier.swift */,
			);
			path = Utility;
			sourceTree = "<group>";
		};
		CB2CDF5E2924ECAB00E81836 /* Controller */ = {
			isa = PBXGroup;
			children = (
				CB2CDF622924ECAB00E81836 /* PasteMainViewController.swift */,
			);
			path = Controller;
			sourceTree = "<group>";
		};
		CB2CDF642924ECAC00E81836 /* Main */ = {
			isa = PBXGroup;
			children = (
				CB5044DF2C5CD51400F9DE75 /* Model */,
				CB2CDF6F2924ECAD00E81836 /* View */,
				CB2CDF5E2924ECAB00E81836 /* Controller */,
				CB2CDF692924ECAC00E81836 /* Data */,
				CB2CDF652924ECAC00E81836 /* PasteMainWindow.swift */,
				CB2CDF662924ECAC00E81836 /* PasteMainWindowController.swift */,
				CB2CDF672924ECAC00E81836 /* PasteAppDelegate.swift */,
			);
			path = Main;
			sourceTree = "<group>";
		};
		CB2CDF692924ECAC00E81836 /* Data */ = {
			isa = PBXGroup;
			children = (
				CB2CDF6C2924ECAC00E81836 /* PasteDataStore.swift */,
				CB2CDF6D2924ECAC00E81836 /* PasteSQLManager.swift */,
				CB2CDF6E2924ECAC00E81836 /* PasteBoard.swift */,
			);
			path = Data;
			sourceTree = "<group>";
		};
		CB2CDF6F2924ECAD00E81836 /* View */ = {
			isa = PBXGroup;
			children = (
				CB2CDF702924ECAD00E81836 /* PasteScrollView.swift */,
				CBD5E3B22C3E68EF00F0F95F /* PasteCollectionViewItem.swift */,
				CB5320AB2B3596B5006C4B5D /* PasteSearchField.swift */,
				CBD5E3B42C3E88F500F0F95F /* PasteEffectImageView.swift */,
			);
			path = View;
			sourceTree = "<group>";
		};
		CB368BD52C78A01300BA72F3 /* UIComponent */ = {
			isa = PBXGroup;
			children = (
				CB368BD62C78A04100BA72F3 /* NSLabel.swift */,
			);
			path = UIComponent;
			sourceTree = "<group>";
		};
		CB5044DF2C5CD51400F9DE75 /* Model */ = {
			isa = PBXGroup;
			children = (
				CBD5E3B82C3FC01C00F0F95F /* PasteBoardType.swift */,
				CB5044DD2C5CD4F700F9DE75 /* PasteboardWritingItem.swift */,
				CB2CDF6A2924ECAC00E81836 /* PasteWindowInfo.swift */,
				CB2CDF6B2924ECAC00E81836 /* PasteboardModel.swift */,
			);
			path = Model;
			sourceTree = "<group>";
		};
		CB5999F82C6F275C00472E62 /* Source */ = {
			isa = PBXGroup;
			children = (
				CBD5E39F2C3BFECD00F0F95F /* Setting */,
				CB2CDF642924ECAC00E81836 /* Main */,
				CB2CDF582924ECAB00E81836 /* Utility */,
			);
			path = Source;
			sourceTree = "<group>";
		};
		CB5999F92C6F276900472E62 /* Supporting Files */ = {
			isa = PBXGroup;
			children = (
				CB2CDF682924ECAC00E81836 /* main.swift */,
				CB2CDF8F2924EFF700E81836 /* Info.plist */,
				CB2CDEF62924E8D800E81836 /* PasteDirect.entitlements */,
			);
			name = "Supporting Files";
			sourceTree = "<group>";
		};
		CB5999FA2C6F279D00472E62 /* Resource */ = {
			isa = PBXGroup;
			children = (
				CB2CDEF12924E8D800E81836 /* Assets.xcassets */,
			);
			path = Resource;
			sourceTree = "<group>";
		};
		CB8FE2E22925E71A008FEB96 /* Frameworks */ = {
			isa = PBXGroup;
			children = (
			);
			name = Frameworks;
			sourceTree = "<group>";
		};
		CBABF7842B344A2F00D3A095 /* Extension */ = {
			isa = PBXGroup;
			children = (
				CB2CDF5A2924ECAB00E81836 /* KeyboardShortcuts+Extension.swift */,
				CBABF7852B344A6600D3A095 /* Then.swift */,
				CBC127172C32D17900E5DBEF /* Date+Extension.swift */,
				CBD5E3992C3BD76C00F0F95F /* NSCollectionView+Extension.swift */,
				CBD5E3AA2C3D0B6A00F0F95F /* NSTextField+Extension.swift */,
				CBD5E3BA2C3FCE3600F0F95F /* NSAttributeString+Extension.swift */,
				CB368BD32C789D5000BA72F3 /* NScolor+Extension.swift */,
			);
			path = Extension;
			sourceTree = "<group>";
		};
		CBD5E39F2C3BFECD00F0F95F /* Setting */ = {
			isa = PBXGroup;
			children = (
				CBD5E3A12C3BFEF300F0F95F /* View */,
				CBD5E3A02C3BFEE500F0F95F /* Controller */,
			);
			path = Setting;
			sourceTree = "<group>";
		};
		CBD5E3A02C3BFEE500F0F95F /* Controller */ = {
			isa = PBXGroup;
			children = (
				CB2CDF602924ECAB00E81836 /* PasteGeneralSettingsViewController.xib */,
				CB2CDF632924ECAB00E81836 /* PasteGeneralSettingsViewController.swift */,
				CB2CDF5F2924ECAB00E81836 /* PasteShortcutsSettingViewController.xib */,
				CB2CDF612924ECAB00E81836 /* PasteShortcutsSettingViewController.swift */,
				CBD5E39C2C3BDB6500F0F95F /* PasteIgnoreListController.xib */,
				CBD5E39B2C3BDB6500F0F95F /* PasteIgnoreListController.swift */,
			);
			path = Controller;
			sourceTree = "<group>";
		};
		CBD5E3A12C3BFEF300F0F95F /* View */ = {
			isa = PBXGroup;
			children = (
				CBD5E3A22C3BFF4D00F0F95F /* PasteIgnoreListCellView.swift */,
			);
			path = View;
			sourceTree = "<group>";
		};
/* End PBXGroup section */

/* Begin PBXNativeTarget section */
		CB2CDEE92924E8D500E81836 /* PasteDirect */ = {
			isa = PBXNativeTarget;
			buildConfigurationList = CB2CDF0F2924E8D900E81836 /* Build configuration list for PBXNativeTarget "PasteDirect" */;
			buildPhases = (
				CB2CDEE62924E8D500E81836 /* Sources */,
				CB2CDEE72924E8D500E81836 /* Frameworks */,
				CB2CDEE82924E8D500E81836 /* Resources */,
				CB2CDF562924EB4B00E81836 /* CopyFiles */,
			);
			buildRules = (
			);
			dependencies = (
			);
			name = PasteDirect;
			packageProductDependencies = (
				CB2CDF892924ED1D00E81836 /* UIColorHexSwift */,
				CB9986F52925FF46007E585C /* KeyboardShortcuts */,
				CB9986FE29260015007E585C /* SQLite */,
				CB99870129260372007E585C /* SnapKit */,
				CB9641792C2D752C0099F12F /* RxCocoa */,
				CB96417B2C2D752C0099F12F /* RxSwift */,
				CB58CF012C69BB20008BE1A4 /* Settings */,
			);
			productName = PasteDirect;
			productReference = CB2CDEEA2924E8D500E81836 /* PasteDirect.app */;
			productType = "com.apple.product-type.application";
		};
		CB2CDEFA2924E8D900E81836 /* PasteDirectTests */ = {
			isa = PBXNativeTarget;
			buildConfigurationList = CB2CDF122924E8D900E81836 /* Build configuration list for PBXNativeTarget "PasteDirectTests" */;
			buildPhases = (
				CB2CDEF72924E8D900E81836 /* Sources */,
				CB2CDEF82924E8D900E81836 /* Frameworks */,
				CB2CDEF92924E8D900E81836 /* Resources */,
			);
			buildRules = (
			);
			dependencies = (
				CB2CDEFD2924E8D900E81836 /* PBXTargetDependency */,
			);
			name = PasteDirectTests;
			productName = PasteDirectTests;
			productReference = CB2CDEFB2924E8D900E81836 /* PasteDirectTests.xctest */;
			productType = "com.apple.product-type.bundle.unit-test";
		};
		CB2CDF042924E8D900E81836 /* PasteDirectUITests */ = {
			isa = PBXNativeTarget;
			buildConfigurationList = CB2CDF152924E8D900E81836 /* Build configuration list for PBXNativeTarget "PasteDirectUITests" */;
			buildPhases = (
				CB2CDF012924E8D900E81836 /* Sources */,
				CB2CDF022924E8D900E81836 /* Frameworks */,
				CB2CDF032924E8D900E81836 /* Resources */,
			);
			buildRules = (
			);
			dependencies = (
				CB2CDF072924E8D900E81836 /* PBXTargetDependency */,
			);
			name = PasteDirectUITests;
			productName = PasteDirectUITests;
			productReference = CB2CDF052924E8D900E81836 /* PasteDirectUITests.xctest */;
			productType = "com.apple.product-type.bundle.ui-testing";
		};
/* End PBXNativeTarget section */

/* Begin PBXProject section */
		CB2CDEE22924E8D500E81836 /* Project object */ = {
			isa = PBXProject;
			attributes = {
				BuildIndependentTargetsInParallel = 1;
				LastSwiftUpdateCheck = 1410;
				LastUpgradeCheck = 1600;
				TargetAttributes = {
					CB2CDEE92924E8D500E81836 = {
						CreatedOnToolsVersion = 14.1;
					};
					CB2CDEFA2924E8D900E81836 = {
						CreatedOnToolsVersion = 14.1;
						TestTargetID = CB2CDEE92924E8D500E81836;
					};
					CB2CDF042924E8D900E81836 = {
						CreatedOnToolsVersion = 14.1;
						TestTargetID = CB2CDEE92924E8D500E81836;
					};
				};
			};
			buildConfigurationList = CB2CDEE52924E8D500E81836 /* Build configuration list for PBXProject "PasteDirect" */;
			compatibilityVersion = "Xcode 14.0";
			developmentRegion = en;
			hasScannedForEncodings = 0;
			knownRegions = (
				en,
				Base,
			);
			mainGroup = CB2CDEE12924E8D500E81836;
			packageReferences = (
				CB2CDF882924ED1D00E81836 /* XCRemoteSwiftPackageReference "UIColor-Hex-Swift" */,
				CB9986F42925FF46007E585C /* XCRemoteSwiftPackageReference "KeyboardShortcuts" */,
				CB9986FD29260015007E585C /* XCRemoteSwiftPackageReference "SQLite.swift" */,
				CB99870029260372007E585C /* XCRemoteSwiftPackageReference "SnapKit" */,
				CB9641782C2D752C0099F12F /* XCRemoteSwiftPackageReference "RxSwift" */,
				CB58CF002C69BB20008BE1A4 /* XCRemoteSwiftPackageReference "Settings" */,
			);
			productRefGroup = CB2CDEEB2924E8D500E81836 /* Products */;
			projectDirPath = "";
			projectRoot = "";
			targets = (
				CB2CDEE92924E8D500E81836 /* PasteDirect */,
				CB2CDEFA2924E8D900E81836 /* PasteDirectTests */,
				CB2CDF042924E8D900E81836 /* PasteDirectUITests */,
			);
		};
/* End PBXProject section */

/* Begin PBXResourcesBuildPhase section */
		CB2CDEE82924E8D500E81836 /* Resources */ = {
			isa = PBXResourcesBuildPhase;
			buildActionMask = 2147483647;
			files = (
				CB2CDEF22924E8D800E81836 /* Assets.xcassets in Resources */,
				CB2CDF782924ECAE00E81836 /* PasteGeneralSettingsViewController.xib in Resources */,
				CBD5E39D2C3BDB6500F0F95F /* PasteIgnoreListController.xib in Resources */,
				CB2CDF772924ECAE00E81836 /* PasteShortcutsSettingViewController.xib in Resources */,
			);
			runOnlyForDeploymentPostprocessing = 0;
		};
		CB2CDEF92924E8D900E81836 /* Resources */ = {
			isa = PBXResourcesBuildPhase;
			buildActionMask = 2147483647;
			files = (
			);
			runOnlyForDeploymentPostprocessing = 0;
		};
		CB2CDF032924E8D900E81836 /* Resources */ = {
			isa = PBXResourcesBuildPhase;
			buildActionMask = 2147483647;
			files = (
			);
			runOnlyForDeploymentPostprocessing = 0;
		};
/* End PBXResourcesBuildPhase section */

/* Begin PBXSourcesBuildPhase section */
		CB2CDEE62924E8D500E81836 /* Sources */ = {
			isa = PBXSourcesBuildPhase;
			buildActionMask = 2147483647;
			files = (
				CB2CDF842924ECAE00E81836 /* PasteBoard.swift in Sources */,
				CB2CDF852924ECAE00E81836 /* PasteScrollView.swift in Sources */,
				CB2CDF752924ECAE00E81836 /* UIImageColors.swift in Sources */,
				CB2CDF802924ECAE00E81836 /* PasteWindowInfo.swift in Sources */,
				CB2CDF7A2924ECAE00E81836 /* PasteMainViewController.swift in Sources */,
				CBD5E3BB2C3FCE3600F0F95F /* NSAttributeString+Extension.swift in Sources */,
				CBC127182C32D17900E5DBEF /* Date+Extension.swift in Sources */,
				CB5320AC2B3596B5006C4B5D /* PasteSearchField.swift in Sources */,
				CB2CDF822924ECAE00E81836 /* PasteDataStore.swift in Sources */,
				CBD5E3AB2C3D0B6A00F0F95F /* NSTextField+Extension.swift in Sources */,
				CBD5E39E2C3BDB6500F0F95F /* PasteIgnoreListController.swift in Sources */,
				CB5044DE2C5CD4F700F9DE75 /* PasteboardWritingItem.swift in Sources */,
				CB3A438C2B3AF29D00816B52 /* Log.swift in Sources */,
				CBD5E3B72C3E8BC200F0F95F /* Layout.swift in Sources */,
				CBABF7862B344A6600D3A095 /* Then.swift in Sources */,
				CB3A438E2B3AFA0700816B52 /* UserInterfaceItemIdentifier.swift in Sources */,
				CB2CDF7C2924ECAE00E81836 /* PasteMainWindow.swift in Sources */,
				CBD5E3B12C3E3EF100F0F95F /* PasteUserDefaults.swift in Sources */,
				CB2CDF812924ECAE00E81836 /* PasteboardModel.swift in Sources */,
				CB2CDF792924ECAE00E81836 /* PasteShortcutsSettingViewController.swift in Sources */,
				CB2CDF7E2924ECAE00E81836 /* PasteAppDelegate.swift in Sources */,
				CB2CDF7D2924ECAE00E81836 /* PasteMainWindowController.swift in Sources */,
				CBD5E3A32C3BFF4D00F0F95F /* PasteIgnoreListCellView.swift in Sources */,
				CB368BD42C789D5000BA72F3 /* NScolor+Extension.swift in Sources */,
				CB2CDF742924ECAE00E81836 /* KeyboardShortcuts+Extension.swift in Sources */,
				CBD5E3B92C3FC01C00F0F95F /* PasteBoardType.swift in Sources */,
				CBD5E39A2C3BD76C00F0F95F /* NSCollectionView+Extension.swift in Sources */,
				CB2CDF7F2924ECAE00E81836 /* main.swift in Sources */,
				CB2CDF762924ECAE00E81836 /* PrefKey.swift in Sources */,
				CB368BD72C78A04100BA72F3 /* NSLabel.swift in Sources */,
				CBD5E3B32C3E68EF00F0F95F /* PasteCollectionViewItem.swift in Sources */,
				CB2CDF7B2924ECAE00E81836 /* PasteGeneralSettingsViewController.swift in Sources */,
				CB1726302B440C1C002CC472 /* KeyHelper.swift in Sources */,
				CB2CDF732924ECAD00E81836 /* Helps.swift in Sources */,
				CB2CDF832924ECAE00E81836 /* PasteSQLManager.swift in Sources */,
				CBD5E3B52C3E88F500F0F95F /* PasteEffectImageView.swift in Sources */,
			);
			runOnlyForDeploymentPostprocessing = 0;
		};
		CB2CDEF72924E8D900E81836 /* Sources */ = {
			isa = PBXSourcesBuildPhase;
			buildActionMask = 2147483647;
			files = (
				CB2CDF002924E8D900E81836 /* PasteDirectTests.swift in Sources */,
			);
			runOnlyForDeploymentPostprocessing = 0;
		};
		CB2CDF012924E8D900E81836 /* Sources */ = {
			isa = PBXSourcesBuildPhase;
			buildActionMask = 2147483647;
			files = (
				CB2CDF0A2924E8D900E81836 /* PasteDirectUITests.swift in Sources */,
				CB2CDF0C2924E8D900E81836 /* PasteDirectUITestsLaunchTests.swift in Sources */,
			);
			runOnlyForDeploymentPostprocessing = 0;
		};
/* End PBXSourcesBuildPhase section */

/* Begin PBXTargetDependency section */
		CB2CDEFD2924E8D900E81836 /* PBXTargetDependency */ = {
			isa = PBXTargetDependency;
			target = CB2CDEE92924E8D500E81836 /* PasteDirect */;
			targetProxy = CB2CDEFC2924E8D900E81836 /* PBXContainerItemProxy */;
		};
		CB2CDF072924E8D900E81836 /* PBXTargetDependency */ = {
			isa = PBXTargetDependency;
			target = CB2CDEE92924E8D500E81836 /* PasteDirect */;
			targetProxy = CB2CDF062924E8D900E81836 /* PBXContainerItemProxy */;
		};
/* End PBXTargetDependency section */

/* Begin XCBuildConfiguration section */
		CB2CDF0D2924E8D900E81836 /* Debug */ = {
			isa = XCBuildConfiguration;
			buildSettings = {
				ALWAYS_SEARCH_USER_PATHS = NO;
				ASSETCATALOG_COMPILER_GENERATE_SWIFT_ASSET_SYMBOL_EXTENSIONS = YES;
				CLANG_ANALYZER_NONNULL = YES;
				CLANG_ANALYZER_NUMBER_OBJECT_CONVERSION = YES_AGGRESSIVE;
				CLANG_CXX_LANGUAGE_STANDARD = "gnu++20";
				CLANG_ENABLE_MODULES = YES;
				CLANG_ENABLE_OBJC_ARC = YES;
				CLANG_ENABLE_OBJC_WEAK = YES;
				CLANG_WARN_BLOCK_CAPTURE_AUTORELEASING = YES;
				CLANG_WARN_BOOL_CONVERSION = YES;
				CLANG_WARN_COMMA = YES;
				CLANG_WARN_CONSTANT_CONVERSION = YES;
				CLANG_WARN_DEPRECATED_OBJC_IMPLEMENTATIONS = YES;
				CLANG_WARN_DIRECT_OBJC_ISA_USAGE = YES_ERROR;
				CLANG_WARN_DOCUMENTATION_COMMENTS = YES;
				CLANG_WARN_EMPTY_BODY = YES;
				CLANG_WARN_ENUM_CONVERSION = YES;
				CLANG_WARN_INFINITE_RECURSION = YES;
				CLANG_WARN_INT_CONVERSION = YES;
				CLANG_WARN_NON_LITERAL_NULL_CONVERSION = YES;
				CLANG_WARN_OBJC_IMPLICIT_RETAIN_SELF = YES;
				CLANG_WARN_OBJC_LITERAL_CONVERSION = YES;
				CLANG_WARN_OBJC_ROOT_CLASS = YES_ERROR;
				CLANG_WARN_QUOTED_INCLUDE_IN_FRAMEWORK_HEADER = YES;
				CLANG_WARN_RANGE_LOOP_ANALYSIS = YES;
				CLANG_WARN_STRICT_PROTOTYPES = YES;
				CLANG_WARN_SUSPICIOUS_MOVE = YES;
				CLANG_WARN_UNGUARDED_AVAILABILITY = YES_AGGRESSIVE;
				CLANG_WARN_UNREACHABLE_CODE = YES;
				CLANG_WARN__DUPLICATE_METHOD_MATCH = YES;
				COPY_PHASE_STRIP = NO;
				DEAD_CODE_STRIPPING = YES;
				DEBUG_INFORMATION_FORMAT = dwarf;
				ENABLE_STRICT_OBJC_MSGSEND = YES;
				ENABLE_TESTABILITY = YES;
				ENABLE_USER_SCRIPT_SANDBOXING = YES;
				GCC_C_LANGUAGE_STANDARD = gnu11;
				GCC_DYNAMIC_NO_PIC = NO;
				GCC_NO_COMMON_BLOCKS = YES;
				GCC_OPTIMIZATION_LEVEL = 0;
				GCC_PREPROCESSOR_DEFINITIONS = (
					"DEBUG=1",
					"$(inherited)",
				);
				GCC_WARN_64_TO_32_BIT_CONVERSION = YES;
				GCC_WARN_ABOUT_RETURN_TYPE = YES_ERROR;
				GCC_WARN_UNDECLARED_SELECTOR = YES;
				GCC_WARN_UNINITIALIZED_AUTOS = YES_AGGRESSIVE;
				GCC_WARN_UNUSED_FUNCTION = YES;
				GCC_WARN_UNUSED_VARIABLE = YES;
				MACOSX_DEPLOYMENT_TARGET = 13.0;
				MTL_ENABLE_DEBUG_INFO = INCLUDE_SOURCE;
				MTL_FAST_MATH = YES;
				ONLY_ACTIVE_ARCH = YES;
				SDKROOT = macosx;
				SWIFT_ACTIVE_COMPILATION_CONDITIONS = DEBUG;
				SWIFT_OPTIMIZATION_LEVEL = "-Onone";
			};
			name = Debug;
		};
		CB2CDF0E2924E8D900E81836 /* Release */ = {
			isa = XCBuildConfiguration;
			buildSettings = {
				ALWAYS_SEARCH_USER_PATHS = NO;
				ASSETCATALOG_COMPILER_GENERATE_SWIFT_ASSET_SYMBOL_EXTENSIONS = YES;
				CLANG_ANALYZER_NONNULL = YES;
				CLANG_ANALYZER_NUMBER_OBJECT_CONVERSION = YES_AGGRESSIVE;
				CLANG_CXX_LANGUAGE_STANDARD = "gnu++20";
				CLANG_ENABLE_MODULES = YES;
				CLANG_ENABLE_OBJC_ARC = YES;
				CLANG_ENABLE_OBJC_WEAK = YES;
				CLANG_WARN_BLOCK_CAPTURE_AUTORELEASING = YES;
				CLANG_WARN_BOOL_CONVERSION = YES;
				CLANG_WARN_COMMA = YES;
				CLANG_WARN_CONSTANT_CONVERSION = YES;
				CLANG_WARN_DEPRECATED_OBJC_IMPLEMENTATIONS = YES;
				CLANG_WARN_DIRECT_OBJC_ISA_USAGE = YES_ERROR;
				CLANG_WARN_DOCUMENTATION_COMMENTS = YES;
				CLANG_WARN_EMPTY_BODY = YES;
				CLANG_WARN_ENUM_CONVERSION = YES;
				CLANG_WARN_INFINITE_RECURSION = YES;
				CLANG_WARN_INT_CONVERSION = YES;
				CLANG_WARN_NON_LITERAL_NULL_CONVERSION = YES;
				CLANG_WARN_OBJC_IMPLICIT_RETAIN_SELF = YES;
				CLANG_WARN_OBJC_LITERAL_CONVERSION = YES;
				CLANG_WARN_OBJC_ROOT_CLASS = YES_ERROR;
				CLANG_WARN_QUOTED_INCLUDE_IN_FRAMEWORK_HEADER = YES;
				CLANG_WARN_RANGE_LOOP_ANALYSIS = YES;
				CLANG_WARN_STRICT_PROTOTYPES = YES;
				CLANG_WARN_SUSPICIOUS_MOVE = YES;
				CLANG_WARN_UNGUARDED_AVAILABILITY = YES_AGGRESSIVE;
				CLANG_WARN_UNREACHABLE_CODE = YES;
				CLANG_WARN__DUPLICATE_METHOD_MATCH = YES;
				COPY_PHASE_STRIP = NO;
				DEAD_CODE_STRIPPING = YES;
				DEBUG_INFORMATION_FORMAT = "dwarf-with-dsym";
				ENABLE_NS_ASSERTIONS = NO;
				ENABLE_STRICT_OBJC_MSGSEND = YES;
				ENABLE_USER_SCRIPT_SANDBOXING = YES;
				GCC_C_LANGUAGE_STANDARD = gnu11;
				GCC_NO_COMMON_BLOCKS = YES;
				GCC_WARN_64_TO_32_BIT_CONVERSION = YES;
				GCC_WARN_ABOUT_RETURN_TYPE = YES_ERROR;
				GCC_WARN_UNDECLARED_SELECTOR = YES;
				GCC_WARN_UNINITIALIZED_AUTOS = YES_AGGRESSIVE;
				GCC_WARN_UNUSED_FUNCTION = YES;
				GCC_WARN_UNUSED_VARIABLE = YES;
				MACOSX_DEPLOYMENT_TARGET = 13.0;
				MTL_ENABLE_DEBUG_INFO = NO;
				MTL_FAST_MATH = YES;
				SDKROOT = macosx;
				SWIFT_COMPILATION_MODE = wholemodule;
				SWIFT_OPTIMIZATION_LEVEL = "-O";
			};
			name = Release;
		};
		CB2CDF102924E8D900E81836 /* Debug */ = {
			isa = XCBuildConfiguration;
			buildSettings = {
				ASSETCATALOG_COMPILER_APPICON_NAME = AppIcon;
				ASSETCATALOG_COMPILER_GLOBAL_ACCENT_COLOR_NAME = AccentColor;
				CODE_SIGN_ENTITLEMENTS = PasteDirect/PasteDirect.entitlements;
				CODE_SIGN_IDENTITY = "-";
				CODE_SIGN_STYLE = Automatic;
				COMBINE_HIDPI_IMAGES = YES;
				CURRENT_PROJECT_VERSION = 1;
				DEAD_CODE_STRIPPING = YES;
				INFOPLIST_FILE = "$(SRCROOT)/PasteDirect/info.plist";
				INFOPLIST_KEY_CFBundleDisplayName = PasteDirect;
				INFOPLIST_KEY_LSApplicationCategoryType = "public.app-category.utilities";
				INFOPLIST_KEY_NSHumanReadableCopyright = "";
				INFOPLIST_KEY_NSMainStoryboardFile = Main;
				INFOPLIST_KEY_NSPrincipalClass = NSApplication;
				LD_RUNPATH_SEARCH_PATHS = (
					"$(inherited)",
					"@executable_path/../Frameworks",
				);
				MACOSX_DEPLOYMENT_TARGET = 13.0;
				MARKETING_VERSION = 1.5.1;
				PRODUCT_BUNDLE_IDENTIFIER = com.nanshanyi.PasteDirect;
				PRODUCT_NAME = "$(TARGET_NAME)";
				SWIFT_EMIT_LOC_STRINGS = YES;
				SWIFT_OBJC_BRIDGING_HEADER = "";
				SWIFT_VERSION = 5.0;
			};
			name = Debug;
		};
		CB2CDF112924E8D900E81836 /* Release */ = {
			isa = XCBuildConfiguration;
			buildSettings = {
				ASSETCATALOG_COMPILER_APPICON_NAME = AppIcon;
				ASSETCATALOG_COMPILER_GLOBAL_ACCENT_COLOR_NAME = AccentColor;
				CODE_SIGN_ENTITLEMENTS = PasteDirect/PasteDirect.entitlements;
				CODE_SIGN_IDENTITY = "-";
				CODE_SIGN_STYLE = Automatic;
				COMBINE_HIDPI_IMAGES = YES;
				CURRENT_PROJECT_VERSION = 1;
				DEAD_CODE_STRIPPING = YES;
				INFOPLIST_FILE = "$(SRCROOT)/PasteDirect/info.plist";
				INFOPLIST_KEY_CFBundleDisplayName = PasteDirect;
				INFOPLIST_KEY_LSApplicationCategoryType = "public.app-category.utilities";
				INFOPLIST_KEY_NSHumanReadableCopyright = "";
				INFOPLIST_KEY_NSMainStoryboardFile = Main;
				INFOPLIST_KEY_NSPrincipalClass = NSApplication;
				LD_RUNPATH_SEARCH_PATHS = (
					"$(inherited)",
					"@executable_path/../Frameworks",
				);
				MACOSX_DEPLOYMENT_TARGET = 13.0;
				MARKETING_VERSION = 1.5.1;
				PRODUCT_BUNDLE_IDENTIFIER = com.nanshanyi.PasteDirect;
				PRODUCT_NAME = "$(TARGET_NAME)";
				SWIFT_EMIT_LOC_STRINGS = YES;
				SWIFT_OBJC_BRIDGING_HEADER = "";
				SWIFT_VERSION = 5.0;
			};
			name = Release;
		};
		CB2CDF132924E8D900E81836 /* Debug */ = {
			isa = XCBuildConfiguration;
			buildSettings = {
				BUNDLE_LOADER = "$(TEST_HOST)";
				CODE_SIGN_STYLE = Automatic;
				CURRENT_PROJECT_VERSION = 1;
				DEAD_CODE_STRIPPING = YES;
				GENERATE_INFOPLIST_FILE = YES;
				MACOSX_DEPLOYMENT_TARGET = 13.0;
				MARKETING_VERSION = 1.0;
				PRODUCT_BUNDLE_IDENTIFIER = nanshanyi.PasteDirectTests;
				PRODUCT_NAME = "$(TARGET_NAME)";
				SWIFT_EMIT_LOC_STRINGS = NO;
				SWIFT_VERSION = 5.0;
				TEST_HOST = "$(BUILT_PRODUCTS_DIR)/PasteDirect.app/$(BUNDLE_EXECUTABLE_FOLDER_PATH)/PasteDirect";
			};
			name = Debug;
		};
		CB2CDF142924E8D900E81836 /* Release */ = {
			isa = XCBuildConfiguration;
			buildSettings = {
				BUNDLE_LOADER = "$(TEST_HOST)";
				CODE_SIGN_STYLE = Automatic;
				CURRENT_PROJECT_VERSION = 1;
				DEAD_CODE_STRIPPING = YES;
				GENERATE_INFOPLIST_FILE = YES;
				MACOSX_DEPLOYMENT_TARGET = 13.0;
				MARKETING_VERSION = 1.0;
				PRODUCT_BUNDLE_IDENTIFIER = nanshanyi.PasteDirectTests;
				PRODUCT_NAME = "$(TARGET_NAME)";
				SWIFT_EMIT_LOC_STRINGS = NO;
				SWIFT_VERSION = 5.0;
				TEST_HOST = "$(BUILT_PRODUCTS_DIR)/PasteDirect.app/$(BUNDLE_EXECUTABLE_FOLDER_PATH)/PasteDirect";
			};
			name = Release;
		};
		CB2CDF162924E8D900E81836 /* Debug */ = {
			isa = XCBuildConfiguration;
			buildSettings = {
				CODE_SIGN_STYLE = Automatic;
				CURRENT_PROJECT_VERSION = 1;
				DEAD_CODE_STRIPPING = YES;
				GENERATE_INFOPLIST_FILE = YES;
				MARKETING_VERSION = 1.0;
				PRODUCT_BUNDLE_IDENTIFIER = nanshanyi.PasteDirectUITests;
				PRODUCT_NAME = "$(TARGET_NAME)";
				SWIFT_EMIT_LOC_STRINGS = NO;
				SWIFT_VERSION = 5.0;
				TEST_TARGET_NAME = PasteDirect;
			};
			name = Debug;
		};
		CB2CDF172924E8D900E81836 /* Release */ = {
			isa = XCBuildConfiguration;
			buildSettings = {
				CODE_SIGN_STYLE = Automatic;
				CURRENT_PROJECT_VERSION = 1;
				DEAD_CODE_STRIPPING = YES;
				GENERATE_INFOPLIST_FILE = YES;
				MARKETING_VERSION = 1.0;
				PRODUCT_BUNDLE_IDENTIFIER = nanshanyi.PasteDirectUITests;
				PRODUCT_NAME = "$(TARGET_NAME)";
				SWIFT_EMIT_LOC_STRINGS = NO;
				SWIFT_VERSION = 5.0;
				TEST_TARGET_NAME = PasteDirect;
			};
			name = Release;
		};
/* End XCBuildConfiguration section */

/* Begin XCConfigurationList section */
		CB2CDEE52924E8D500E81836 /* Build configuration list for PBXProject "PasteDirect" */ = {
			isa = XCConfigurationList;
			buildConfigurations = (
				CB2CDF0D2924E8D900E81836 /* Debug */,
				CB2CDF0E2924E8D900E81836 /* Release */,
			);
			defaultConfigurationIsVisible = 0;
			defaultConfigurationName = Release;
		};
		CB2CDF0F2924E8D900E81836 /* Build configuration list for PBXNativeTarget "PasteDirect" */ = {
			isa = XCConfigurationList;
			buildConfigurations = (
				CB2CDF102924E8D900E81836 /* Debug */,
				CB2CDF112924E8D900E81836 /* Release */,
			);
			defaultConfigurationIsVisible = 0;
			defaultConfigurationName = Release;
		};
		CB2CDF122924E8D900E81836 /* Build configuration list for PBXNativeTarget "PasteDirectTests" */ = {
			isa = XCConfigurationList;
			buildConfigurations = (
				CB2CDF132924E8D900E81836 /* Debug */,
				CB2CDF142924E8D900E81836 /* Release */,
			);
			defaultConfigurationIsVisible = 0;
			defaultConfigurationName = Release;
		};
		CB2CDF152924E8D900E81836 /* Build configuration list for PBXNativeTarget "PasteDirectUITests" */ = {
			isa = XCConfigurationList;
			buildConfigurations = (
				CB2CDF162924E8D900E81836 /* Debug */,
				CB2CDF172924E8D900E81836 /* Release */,
			);
			defaultConfigurationIsVisible = 0;
			defaultConfigurationName = Release;
		};
/* End XCConfigurationList section */

/* Begin XCRemoteSwiftPackageReference section */
		CB2CDF882924ED1D00E81836 /* XCRemoteSwiftPackageReference "UIColor-Hex-Swift" */ = {
			isa = XCRemoteSwiftPackageReference;
			repositoryURL = "https://github.com/yeahdongcn/UIColor-Hex-Swift";
			requirement = {
				kind = upToNextMajorVersion;
				minimumVersion = 5.1.9;
			};
		};
		CB58CF002C69BB20008BE1A4 /* XCRemoteSwiftPackageReference "Settings" */ = {
			isa = XCRemoteSwiftPackageReference;
			repositoryURL = "https://github.com/sindresorhus/Settings";
			requirement = {
				kind = upToNextMajorVersion;
				minimumVersion = 3.1.1;
			};
		};
		CB9641782C2D752C0099F12F /* XCRemoteSwiftPackageReference "RxSwift" */ = {
			isa = XCRemoteSwiftPackageReference;
			repositoryURL = "https://github.com/ReactiveX/RxSwift.git";
			requirement = {
				kind = upToNextMajorVersion;
				minimumVersion = 6.7.1;
			};
		};
		CB9986F42925FF46007E585C /* XCRemoteSwiftPackageReference "KeyboardShortcuts" */ = {
			isa = XCRemoteSwiftPackageReference;
			repositoryURL = "https://github.com/sindresorhus/KeyboardShortcuts";
			requirement = {
				kind = upToNextMajorVersion;
				minimumVersion = 2.0.1;
			};
		};
		CB9986FD29260015007E585C /* XCRemoteSwiftPackageReference "SQLite.swift" */ = {
			isa = XCRemoteSwiftPackageReference;
			repositoryURL = "https://github.com/stephencelis/SQLite.swift.git";
			requirement = {
				kind = upToNextMajorVersion;
				minimumVersion = 0.15.3;
			};
		};
		CB99870029260372007E585C /* XCRemoteSwiftPackageReference "SnapKit" */ = {
			isa = XCRemoteSwiftPackageReference;
			repositoryURL = "https://github.com/SnapKit/SnapKit.git";
			requirement = {
				kind = upToNextMajorVersion;
				minimumVersion = 5.0.0;
			};
		};
/* End XCRemoteSwiftPackageReference section */

/* Begin XCSwiftPackageProductDependency section */
		CB2CDF892924ED1D00E81836 /* UIColorHexSwift */ = {
			isa = XCSwiftPackageProductDependency;
			package = CB2CDF882924ED1D00E81836 /* XCRemoteSwiftPackageReference "UIColor-Hex-Swift" */;
			productName = UIColorHexSwift;
		};
		CB58CF012C69BB20008BE1A4 /* Settings */ = {
			isa = XCSwiftPackageProductDependency;
			package = CB58CF002C69BB20008BE1A4 /* XCRemoteSwiftPackageReference "Settings" */;
			productName = Settings;
		};
		CB9641792C2D752C0099F12F /* RxCocoa */ = {
			isa = XCSwiftPackageProductDependency;
			package = CB9641782C2D752C0099F12F /* XCRemoteSwiftPackageReference "RxSwift" */;
			productName = RxCocoa;
		};
		CB96417B2C2D752C0099F12F /* RxSwift */ = {
			isa = XCSwiftPackageProductDependency;
			package = CB9641782C2D752C0099F12F /* XCRemoteSwiftPackageReference "RxSwift" */;
			productName = RxSwift;
		};
		CB9986F52925FF46007E585C /* KeyboardShortcuts */ = {
			isa = XCSwiftPackageProductDependency;
			package = CB9986F42925FF46007E585C /* XCRemoteSwiftPackageReference "KeyboardShortcuts" */;
			productName = KeyboardShortcuts;
		};
		CB9986FE29260015007E585C /* SQLite */ = {
			isa = XCSwiftPackageProductDependency;
			package = CB9986FD29260015007E585C /* XCRemoteSwiftPackageReference "SQLite.swift" */;
			productName = SQLite;
		};
		CB99870129260372007E585C /* SnapKit */ = {
			isa = XCSwiftPackageProductDependency;
			package = CB99870029260372007E585C /* XCRemoteSwiftPackageReference "SnapKit" */;
			productName = SnapKit;
		};
/* End XCSwiftPackageProductDependency section */
	};
	rootObject = CB2CDEE22924E8D500E81836 /* Project object */;
}
