// !$*UTF8*$!
{
	archiveVersion = 1;
	classes = {
	};
	objectVersion = 56;
	objects = {

/* Begin PBXBuildFile section */
		CB23F1292910C96C001EA923 /* SQLite in Frameworks */ = {isa = PBXBuildFile; productRef = CB23F1282910C96C001EA923 /* SQLite */; };
		CB23F12B2910D226001EA923 /* PasteSQLManager.swift in Sources */ = {isa = PBXBuildFile; fileRef = CB23F12A2910D226001EA923 /* PasteSQLManager.swift */; };
		CB96C6AA291B8B0D00AD5BD1 /* UIColorHexSwift in Frameworks */ = {isa = PBXBuildFile; productRef = CB96C6A9291B8B0D00AD5BD1 /* UIColorHexSwift */; };
		CB96C6B8291E208A00AD5BD1 /* SnapKit in Frameworks */ = {isa = PBXBuildFile; productRef = CB96C6B7291E208A00AD5BD1 /* SnapKit */; };
		CB96C6BA291E49E600AD5BD1 /* PasteClipView.swift in Sources */ = {isa = PBXBuildFile; fileRef = CB96C6B9291E49E600AD5BD1 /* PasteClipView.swift */; };
		CBA0A5F729014822002A49D7 /* PasteAppDelegate.swift in Sources */ = {isa = PBXBuildFile; fileRef = CBA0A5F629014822002A49D7 /* PasteAppDelegate.swift */; };
		CBA0A5FB29014824002A49D7 /* Assets.xcassets in Resources */ = {isa = PBXBuildFile; fileRef = CBA0A5FA29014824002A49D7 /* Assets.xcassets */; };
		CBA0A60929014824002A49D7 /* PasteTests.swift in Sources */ = {isa = PBXBuildFile; fileRef = CBA0A60829014824002A49D7 /* PasteTests.swift */; };
		CBA0A61329014824002A49D7 /* PasteUITests.swift in Sources */ = {isa = PBXBuildFile; fileRef = CBA0A61229014824002A49D7 /* PasteUITests.swift */; };
		CBA0A61529014824002A49D7 /* PasteUITestsLaunchTests.swift in Sources */ = {isa = PBXBuildFile; fileRef = CBA0A61429014824002A49D7 /* PasteUITestsLaunchTests.swift */; };
		CBA0A65F2901607B002A49D7 /* PasteMainWindowController.swift in Sources */ = {isa = PBXBuildFile; fileRef = CBA0A65E2901607B002A49D7 /* PasteMainWindowController.swift */; };
		CBA0A66129016363002A49D7 /* PasteMainViewController.swift in Sources */ = {isa = PBXBuildFile; fileRef = CBA0A66029016363002A49D7 /* PasteMainViewController.swift */; };
		CBA0A66329025043002A49D7 /* PasteMainWindow.swift in Sources */ = {isa = PBXBuildFile; fileRef = CBA0A66229025043002A49D7 /* PasteMainWindow.swift */; };
		CBA0A66529026550002A49D7 /* PasteBoard.swift in Sources */ = {isa = PBXBuildFile; fileRef = CBA0A66429026550002A49D7 /* PasteBoard.swift */; };
		CBA0A667290286A6002A49D7 /* main.swift in Sources */ = {isa = PBXBuildFile; fileRef = CBA0A666290286A5002A49D7 /* main.swift */; };
		CBA0A66929029582002A49D7 /* PasteboardModel.swift in Sources */ = {isa = PBXBuildFile; fileRef = CBA0A66829029582002A49D7 /* PasteboardModel.swift */; };
		CBA0A66B2902A55C002A49D7 /* PasteDataStore.swift in Sources */ = {isa = PBXBuildFile; fileRef = CBA0A66A2902A55C002A49D7 /* PasteDataStore.swift */; };
		CBA0A66E2902B651002A49D7 /* PasteCollectionViewItem.swift in Sources */ = {isa = PBXBuildFile; fileRef = CBA0A66C2902B651002A49D7 /* PasteCollectionViewItem.swift */; };
		CBA0A66F2902B651002A49D7 /* PasteCollectionViewItem.xib in Resources */ = {isa = PBXBuildFile; fileRef = CBA0A66D2902B651002A49D7 /* PasteCollectionViewItem.xib */; };
		CBD7BDF72915128900DFD560 /* PasteWindowInfo.swift in Sources */ = {isa = PBXBuildFile; fileRef = CBD7BDF62915128900DFD560 /* PasteWindowInfo.swift */; };
		CBD7BDF92918AECA00DFD560 /* PasteScrollView.swift in Sources */ = {isa = PBXBuildFile; fileRef = CBD7BDF82918AECA00DFD560 /* PasteScrollView.swift */; };
		CBD7BDFB2918BE3500DFD560 /* UIImageColors.swift in Sources */ = {isa = PBXBuildFile; fileRef = CBD7BDFA2918BE3400DFD560 /* UIImageColors.swift */; };
		CBD7BDFE29190B1B00DFD560 /* Carbon.framework in Frameworks */ = {isa = PBXBuildFile; fileRef = CBD7BDFD29190B1B00DFD560 /* Carbon.framework */; };
		CBD7BE452919329A00DFD560 /* Report.swift in Sources */ = {isa = PBXBuildFile; fileRef = CBD7BE412919329A00DFD560 /* Report.swift */; };
		CBD7BE462919329A00DFD560 /* KeyCombo.swift in Sources */ = {isa = PBXBuildFile; fileRef = CBD7BE422919329A00DFD560 /* KeyCombo.swift */; };
		CBD7BE482919329A00DFD560 /* HotKey.swift in Sources */ = {isa = PBXBuildFile; fileRef = CBD7BE442919329A00DFD560 /* HotKey.swift */; };
/* End PBXBuildFile section */

/* Begin PBXContainerItemProxy section */
		CBA0A60529014824002A49D7 /* PBXContainerItemProxy */ = {
			isa = PBXContainerItemProxy;
			containerPortal = CBA0A5EB29014822002A49D7 /* Project object */;
			proxyType = 1;
			remoteGlobalIDString = CBA0A5F229014822002A49D7;
			remoteInfo = Paste;
		};
		CBA0A60F29014824002A49D7 /* PBXContainerItemProxy */ = {
			isa = PBXContainerItemProxy;
			containerPortal = CBA0A5EB29014822002A49D7 /* Project object */;
			proxyType = 1;
			remoteGlobalIDString = CBA0A5F229014822002A49D7;
			remoteInfo = Paste;
		};
/* End PBXContainerItemProxy section */

/* Begin PBXFileReference section */
		CB23F126290FEF1B001EA923 /* Info.plist */ = {isa = PBXFileReference; lastKnownFileType = text.plist; path = Info.plist; sourceTree = "<group>"; };
		CB23F12A2910D226001EA923 /* PasteSQLManager.swift */ = {isa = PBXFileReference; lastKnownFileType = sourcecode.swift; path = PasteSQLManager.swift; sourceTree = "<group>"; };
		CB96C6B9291E49E600AD5BD1 /* PasteClipView.swift */ = {isa = PBXFileReference; lastKnownFileType = sourcecode.swift; path = PasteClipView.swift; sourceTree = "<group>"; };
		CBA0A5F329014822002A49D7 /* Paste.app */ = {isa = PBXFileReference; explicitFileType = wrapper.application; includeInIndex = 0; path = Paste.app; sourceTree = BUILT_PRODUCTS_DIR; };
		CBA0A5F629014822002A49D7 /* PasteAppDelegate.swift */ = {isa = PBXFileReference; lastKnownFileType = sourcecode.swift; path = PasteAppDelegate.swift; sourceTree = "<group>"; };
		CBA0A5FA29014824002A49D7 /* Assets.xcassets */ = {isa = PBXFileReference; lastKnownFileType = folder.assetcatalog; path = Assets.xcassets; sourceTree = "<group>"; };
		CBA0A5FF29014824002A49D7 /* Paste.entitlements */ = {isa = PBXFileReference; lastKnownFileType = text.plist.entitlements; path = Paste.entitlements; sourceTree = "<group>"; };
		CBA0A60429014824002A49D7 /* PasteTests.xctest */ = {isa = PBXFileReference; explicitFileType = wrapper.cfbundle; includeInIndex = 0; path = PasteTests.xctest; sourceTree = BUILT_PRODUCTS_DIR; };
		CBA0A60829014824002A49D7 /* PasteTests.swift */ = {isa = PBXFileReference; lastKnownFileType = sourcecode.swift; path = PasteTests.swift; sourceTree = "<group>"; };
		CBA0A60E29014824002A49D7 /* PasteUITests.xctest */ = {isa = PBXFileReference; explicitFileType = wrapper.cfbundle; includeInIndex = 0; path = PasteUITests.xctest; sourceTree = BUILT_PRODUCTS_DIR; };
		CBA0A61229014824002A49D7 /* PasteUITests.swift */ = {isa = PBXFileReference; lastKnownFileType = sourcecode.swift; path = PasteUITests.swift; sourceTree = "<group>"; };
		CBA0A61429014824002A49D7 /* PasteUITestsLaunchTests.swift */ = {isa = PBXFileReference; lastKnownFileType = sourcecode.swift; path = PasteUITestsLaunchTests.swift; sourceTree = "<group>"; };
		CBA0A65E2901607B002A49D7 /* PasteMainWindowController.swift */ = {isa = PBXFileReference; lastKnownFileType = sourcecode.swift; path = PasteMainWindowController.swift; sourceTree = "<group>"; };
		CBA0A66029016363002A49D7 /* PasteMainViewController.swift */ = {isa = PBXFileReference; lastKnownFileType = sourcecode.swift; path = PasteMainViewController.swift; sourceTree = "<group>"; };
		CBA0A66229025043002A49D7 /* PasteMainWindow.swift */ = {isa = PBXFileReference; lastKnownFileType = sourcecode.swift; path = PasteMainWindow.swift; sourceTree = "<group>"; };
		CBA0A66429026550002A49D7 /* PasteBoard.swift */ = {isa = PBXFileReference; lastKnownFileType = sourcecode.swift; path = PasteBoard.swift; sourceTree = "<group>"; };
		CBA0A666290286A5002A49D7 /* main.swift */ = {isa = PBXFileReference; fileEncoding = 4; lastKnownFileType = sourcecode.swift; path = main.swift; sourceTree = "<group>"; };
		CBA0A66829029582002A49D7 /* PasteboardModel.swift */ = {isa = PBXFileReference; lastKnownFileType = sourcecode.swift; path = PasteboardModel.swift; sourceTree = "<group>"; };
		CBA0A66A2902A55C002A49D7 /* PasteDataStore.swift */ = {isa = PBXFileReference; lastKnownFileType = sourcecode.swift; path = PasteDataStore.swift; sourceTree = "<group>"; };
		CBA0A66C2902B651002A49D7 /* PasteCollectionViewItem.swift */ = {isa = PBXFileReference; lastKnownFileType = sourcecode.swift; path = PasteCollectionViewItem.swift; sourceTree = "<group>"; };
		CBA0A66D2902B651002A49D7 /* PasteCollectionViewItem.xib */ = {isa = PBXFileReference; lastKnownFileType = file.xib; path = PasteCollectionViewItem.xib; sourceTree = "<group>"; };
		CBD7BDF62915128900DFD560 /* PasteWindowInfo.swift */ = {isa = PBXFileReference; lastKnownFileType = sourcecode.swift; path = PasteWindowInfo.swift; sourceTree = "<group>"; };
		CBD7BDF82918AECA00DFD560 /* PasteScrollView.swift */ = {isa = PBXFileReference; lastKnownFileType = sourcecode.swift; path = PasteScrollView.swift; sourceTree = "<group>"; };
		CBD7BDFA2918BE3400DFD560 /* UIImageColors.swift */ = {isa = PBXFileReference; lastKnownFileType = sourcecode.swift; path = UIImageColors.swift; sourceTree = "<group>"; };
		CBD7BDFD29190B1B00DFD560 /* Carbon.framework */ = {isa = PBXFileReference; lastKnownFileType = wrapper.framework; name = Carbon.framework; path = System/Library/Frameworks/Carbon.framework; sourceTree = SDKROOT; };
		CBD7BE412919329A00DFD560 /* Report.swift */ = {isa = PBXFileReference; fileEncoding = 4; lastKnownFileType = sourcecode.swift; path = Report.swift; sourceTree = "<group>"; };
		CBD7BE422919329A00DFD560 /* KeyCombo.swift */ = {isa = PBXFileReference; fileEncoding = 4; lastKnownFileType = sourcecode.swift; path = KeyCombo.swift; sourceTree = "<group>"; };
		CBD7BE442919329A00DFD560 /* HotKey.swift */ = {isa = PBXFileReference; fileEncoding = 4; lastKnownFileType = sourcecode.swift; path = HotKey.swift; sourceTree = "<group>"; };
/* End PBXFileReference section */

/* Begin PBXFrameworksBuildPhase section */
		CBA0A5F029014822002A49D7 /* Frameworks */ = {
			isa = PBXFrameworksBuildPhase;
			buildActionMask = 2147483647;
			files = (
				CB96C6AA291B8B0D00AD5BD1 /* UIColorHexSwift in Frameworks */,
				CB96C6B8291E208A00AD5BD1 /* SnapKit in Frameworks */,
				CB23F1292910C96C001EA923 /* SQLite in Frameworks */,
				CBD7BDFE29190B1B00DFD560 /* Carbon.framework in Frameworks */,
			);
			runOnlyForDeploymentPostprocessing = 0;
		};
		CBA0A60129014824002A49D7 /* Frameworks */ = {
			isa = PBXFrameworksBuildPhase;
			buildActionMask = 2147483647;
			files = (
			);
			runOnlyForDeploymentPostprocessing = 0;
		};
		CBA0A60B29014824002A49D7 /* Frameworks */ = {
			isa = PBXFrameworksBuildPhase;
			buildActionMask = 2147483647;
			files = (
			);
			runOnlyForDeploymentPostprocessing = 0;
		};
/* End PBXFrameworksBuildPhase section */

/* Begin PBXGroup section */
		CB96C6A3291B871400AD5BD1 /* Main */ = {
			isa = PBXGroup;
			children = (
				CBA0A66229025043002A49D7 /* PasteMainWindow.swift */,
				CBA0A666290286A5002A49D7 /* main.swift */,
				CBA0A5F629014822002A49D7 /* PasteAppDelegate.swift */,
				CBA0A65E2901607B002A49D7 /* PasteMainWindowController.swift */,
			);
			path = Main;
			sourceTree = "<group>";
		};
		CB96C6A4291B872E00AD5BD1 /* Controller */ = {
			isa = PBXGroup;
			children = (
				CBA0A66029016363002A49D7 /* PasteMainViewController.swift */,
			);
			path = Controller;
			sourceTree = "<group>";
		};
		CB96C6A5291B875200AD5BD1 /* Data */ = {
			isa = PBXGroup;
			children = (
				CBA0A66429026550002A49D7 /* PasteBoard.swift */,
				CBA0A66829029582002A49D7 /* PasteboardModel.swift */,
				CBA0A66A2902A55C002A49D7 /* PasteDataStore.swift */,
				CB23F12A2910D226001EA923 /* PasteSQLManager.swift */,
				CBD7BDF62915128900DFD560 /* PasteWindowInfo.swift */,
			);
			path = Data;
			sourceTree = "<group>";
		};
		CB96C6A6291B876A00AD5BD1 /* Utility */ = {
			isa = PBXGroup;
			children = (
				CBD7BE402919329A00DFD560 /* HotKey */,
				CBD7BDFA2918BE3400DFD560 /* UIImageColors.swift */,
			);
			path = Utility;
			sourceTree = "<group>";
		};
		CB96C6A7291B878C00AD5BD1 /* View */ = {
			isa = PBXGroup;
			children = (
				CBD7BDF82918AECA00DFD560 /* PasteScrollView.swift */,
				CB96C6B9291E49E600AD5BD1 /* PasteClipView.swift */,
				CBA0A66C2902B651002A49D7 /* PasteCollectionViewItem.swift */,
				CBA0A66D2902B651002A49D7 /* PasteCollectionViewItem.xib */,
			);
			path = View;
			sourceTree = "<group>";
		};
		CBA0A5EA29014822002A49D7 = {
			isa = PBXGroup;
			children = (
				CBA0A5F529014822002A49D7 /* Paste */,
				CBA0A60729014824002A49D7 /* PasteTests */,
				CBA0A61129014824002A49D7 /* PasteUITests */,
				CBA0A5F429014822002A49D7 /* Products */,
				CBD7BDFC29190B1B00DFD560 /* Frameworks */,
			);
			sourceTree = "<group>";
		};
		CBA0A5F429014822002A49D7 /* Products */ = {
			isa = PBXGroup;
			children = (
				CBA0A5F329014822002A49D7 /* Paste.app */,
				CBA0A60429014824002A49D7 /* PasteTests.xctest */,
				CBA0A60E29014824002A49D7 /* PasteUITests.xctest */,
			);
			name = Products;
			sourceTree = "<group>";
		};
		CBA0A5F529014822002A49D7 /* Paste */ = {
			isa = PBXGroup;
			children = (
				CB96C6A7291B878C00AD5BD1 /* View */,
				CB96C6A6291B876A00AD5BD1 /* Utility */,
				CB96C6A5291B875200AD5BD1 /* Data */,
				CB96C6A4291B872E00AD5BD1 /* Controller */,
				CB96C6A3291B871400AD5BD1 /* Main */,
				CB23F126290FEF1B001EA923 /* Info.plist */,
				CBA0A5FA29014824002A49D7 /* Assets.xcassets */,
				CBA0A5FF29014824002A49D7 /* Paste.entitlements */,
			);
			path = Paste;
			sourceTree = "<group>";
		};
		CBA0A60729014824002A49D7 /* PasteTests */ = {
			isa = PBXGroup;
			children = (
				CBA0A60829014824002A49D7 /* PasteTests.swift */,
			);
			path = PasteTests;
			sourceTree = "<group>";
		};
		CBA0A61129014824002A49D7 /* PasteUITests */ = {
			isa = PBXGroup;
			children = (
				CBA0A61229014824002A49D7 /* PasteUITests.swift */,
				CBA0A61429014824002A49D7 /* PasteUITestsLaunchTests.swift */,
			);
			path = PasteUITests;
			sourceTree = "<group>";
		};
		CBD7BDFC29190B1B00DFD560 /* Frameworks */ = {
			isa = PBXGroup;
			children = (
				CBD7BDFD29190B1B00DFD560 /* Carbon.framework */,
			);
			name = Frameworks;
			sourceTree = "<group>";
		};
		CBD7BE402919329A00DFD560 /* HotKey */ = {
			isa = PBXGroup;
			children = (
				CBD7BE412919329A00DFD560 /* Report.swift */,
				CBD7BE422919329A00DFD560 /* KeyCombo.swift */,
				CBD7BE442919329A00DFD560 /* HotKey.swift */,
			);
			path = HotKey;
			sourceTree = "<group>";
		};
/* End PBXGroup section */

/* Begin PBXNativeTarget section */
		CBA0A5F229014822002A49D7 /* Paste */ = {
			isa = PBXNativeTarget;
			buildConfigurationList = CBA0A61829014824002A49D7 /* Build configuration list for PBXNativeTarget "Paste" */;
			buildPhases = (
				CBA0A5EF29014822002A49D7 /* Sources */,
				CBA0A5F029014822002A49D7 /* Frameworks */,
				CBA0A5F129014822002A49D7 /* Resources */,
			);
			buildRules = (
			);
			dependencies = (
			);
			name = Paste;
			packageProductDependencies = (
				CB23F1282910C96C001EA923 /* SQLite */,
				CB96C6A9291B8B0D00AD5BD1 /* UIColorHexSwift */,
				CB96C6B7291E208A00AD5BD1 /* SnapKit */,
			);
			productName = Paste;
			productReference = CBA0A5F329014822002A49D7 /* Paste.app */;
			productType = "com.apple.product-type.application";
		};
		CBA0A60329014824002A49D7 /* PasteTests */ = {
			isa = PBXNativeTarget;
			buildConfigurationList = CBA0A61B29014824002A49D7 /* Build configuration list for PBXNativeTarget "PasteTests" */;
			buildPhases = (
				CBA0A60029014824002A49D7 /* Sources */,
				CBA0A60129014824002A49D7 /* Frameworks */,
				CBA0A60229014824002A49D7 /* Resources */,
			);
			buildRules = (
			);
			dependencies = (
				CBA0A60629014824002A49D7 /* PBXTargetDependency */,
			);
			name = PasteTests;
			productName = PasteTests;
			productReference = CBA0A60429014824002A49D7 /* PasteTests.xctest */;
			productType = "com.apple.product-type.bundle.unit-test";
		};
		CBA0A60D29014824002A49D7 /* PasteUITests */ = {
			isa = PBXNativeTarget;
			buildConfigurationList = CBA0A61E29014824002A49D7 /* Build configuration list for PBXNativeTarget "PasteUITests" */;
			buildPhases = (
				CBA0A60A29014824002A49D7 /* Sources */,
				CBA0A60B29014824002A49D7 /* Frameworks */,
				CBA0A60C29014824002A49D7 /* Resources */,
			);
			buildRules = (
			);
			dependencies = (
				CBA0A61029014824002A49D7 /* PBXTargetDependency */,
			);
			name = PasteUITests;
			productName = PasteUITests;
			productReference = CBA0A60E29014824002A49D7 /* PasteUITests.xctest */;
			productType = "com.apple.product-type.bundle.ui-testing";
		};
/* End PBXNativeTarget section */

/* Begin PBXProject section */
		CBA0A5EB29014822002A49D7 /* Project object */ = {
			isa = PBXProject;
			attributes = {
				BuildIndependentTargetsInParallel = 1;
				LastSwiftUpdateCheck = 1400;
				LastUpgradeCheck = 1410;
				TargetAttributes = {
					CBA0A5F229014822002A49D7 = {
						CreatedOnToolsVersion = 14.0;
					};
					CBA0A60329014824002A49D7 = {
						CreatedOnToolsVersion = 14.0;
						TestTargetID = CBA0A5F229014822002A49D7;
					};
					CBA0A60D29014824002A49D7 = {
						CreatedOnToolsVersion = 14.0;
						TestTargetID = CBA0A5F229014822002A49D7;
					};
				};
			};
			buildConfigurationList = CBA0A5EE29014822002A49D7 /* Build configuration list for PBXProject "Paste" */;
			compatibilityVersion = "Xcode 14.0";
			developmentRegion = en;
			hasScannedForEncodings = 0;
			knownRegions = (
				en,
				Base,
			);
			mainGroup = CBA0A5EA29014822002A49D7;
			packageReferences = (
				CB23F1272910C96C001EA923 /* XCRemoteSwiftPackageReference "SQLite.swift" */,
				CB96C6A8291B8B0D00AD5BD1 /* XCRemoteSwiftPackageReference "UIColor-Hex-Swift" */,
				CB96C6B6291E208A00AD5BD1 /* XCRemoteSwiftPackageReference "SnapKit" */,
			);
			productRefGroup = CBA0A5F429014822002A49D7 /* Products */;
			projectDirPath = "";
			projectRoot = "";
			targets = (
				CBA0A5F229014822002A49D7 /* Paste */,
				CBA0A60329014824002A49D7 /* PasteTests */,
				CBA0A60D29014824002A49D7 /* PasteUITests */,
			);
		};
/* End PBXProject section */

/* Begin PBXResourcesBuildPhase section */
		CBA0A5F129014822002A49D7 /* Resources */ = {
			isa = PBXResourcesBuildPhase;
			buildActionMask = 2147483647;
			files = (
				CBA0A66F2902B651002A49D7 /* PasteCollectionViewItem.xib in Resources */,
				CBA0A5FB29014824002A49D7 /* Assets.xcassets in Resources */,
			);
			runOnlyForDeploymentPostprocessing = 0;
		};
		CBA0A60229014824002A49D7 /* Resources */ = {
			isa = PBXResourcesBuildPhase;
			buildActionMask = 2147483647;
			files = (
			);
			runOnlyForDeploymentPostprocessing = 0;
		};
		CBA0A60C29014824002A49D7 /* Resources */ = {
			isa = PBXResourcesBuildPhase;
			buildActionMask = 2147483647;
			files = (
			);
			runOnlyForDeploymentPostprocessing = 0;
		};
/* End PBXResourcesBuildPhase section */

/* Begin PBXSourcesBuildPhase section */
		CBA0A5EF29014822002A49D7 /* Sources */ = {
			isa = PBXSourcesBuildPhase;
			buildActionMask = 2147483647;
			files = (
				CBA0A5F729014822002A49D7 /* PasteAppDelegate.swift in Sources */,
				CB96C6BA291E49E600AD5BD1 /* PasteClipView.swift in Sources */,
				CBD7BE462919329A00DFD560 /* KeyCombo.swift in Sources */,
				CBA0A65F2901607B002A49D7 /* PasteMainWindowController.swift in Sources */,
				CBD7BDF92918AECA00DFD560 /* PasteScrollView.swift in Sources */,
				CBD7BDFB2918BE3500DFD560 /* UIImageColors.swift in Sources */,
				CBD7BDF72915128900DFD560 /* PasteWindowInfo.swift in Sources */,
				CBA0A66B2902A55C002A49D7 /* PasteDataStore.swift in Sources */,
				CBA0A66E2902B651002A49D7 /* PasteCollectionViewItem.swift in Sources */,
				CBA0A667290286A6002A49D7 /* main.swift in Sources */,
				CBA0A66529026550002A49D7 /* PasteBoard.swift in Sources */,
				CBA0A66929029582002A49D7 /* PasteboardModel.swift in Sources */,
				CBD7BE452919329A00DFD560 /* Report.swift in Sources */,
				CB23F12B2910D226001EA923 /* PasteSQLManager.swift in Sources */,
				CBA0A66129016363002A49D7 /* PasteMainViewController.swift in Sources */,
				CBA0A66329025043002A49D7 /* PasteMainWindow.swift in Sources */,
				CBD7BE482919329A00DFD560 /* HotKey.swift in Sources */,
			);
			runOnlyForDeploymentPostprocessing = 0;
		};
		CBA0A60029014824002A49D7 /* Sources */ = {
			isa = PBXSourcesBuildPhase;
			buildActionMask = 2147483647;
			files = (
				CBA0A60929014824002A49D7 /* PasteTests.swift in Sources */,
			);
			runOnlyForDeploymentPostprocessing = 0;
		};
		CBA0A60A29014824002A49D7 /* Sources */ = {
			isa = PBXSourcesBuildPhase;
			buildActionMask = 2147483647;
			files = (
				CBA0A61529014824002A49D7 /* PasteUITestsLaunchTests.swift in Sources */,
				CBA0A61329014824002A49D7 /* PasteUITests.swift in Sources */,
			);
			runOnlyForDeploymentPostprocessing = 0;
		};
/* End PBXSourcesBuildPhase section */

/* Begin PBXTargetDependency section */
		CBA0A60629014824002A49D7 /* PBXTargetDependency */ = {
			isa = PBXTargetDependency;
			target = CBA0A5F229014822002A49D7 /* Paste */;
			targetProxy = CBA0A60529014824002A49D7 /* PBXContainerItemProxy */;
		};
		CBA0A61029014824002A49D7 /* PBXTargetDependency */ = {
			isa = PBXTargetDependency;
			target = CBA0A5F229014822002A49D7 /* Paste */;
			targetProxy = CBA0A60F29014824002A49D7 /* PBXContainerItemProxy */;
		};
/* End PBXTargetDependency section */

/* Begin XCBuildConfiguration section */
		CBA0A61629014824002A49D7 /* Debug */ = {
			isa = XCBuildConfiguration;
			buildSettings = {
				ALWAYS_SEARCH_USER_PATHS = NO;
				CLANG_ANALYZER_NONNULL = YES;
				CLANG_ANALYZER_NUMBER_OBJECT_CONVERSION = YES_AGGRESSIVE;
				CLANG_CXX_LANGUAGE_STANDARD = "gnu++20";
				CLANG_ENABLE_MODULES = YES;
				CLANG_ENABLE_OBJC_ARC = YES;
				CLANG_ENABLE_OBJC_WEAK = YES;
				CLANG_WARN_BLOCK_CAPTURE_AUTORELEASING = YES;
				CLANG_WARN_BOOL_CONVERSION = YES;
				CLANG_WARN_COMMA = YES;
				CLANG_WARN_CONSTANT_CONVERSION = YES;
				CLANG_WARN_DEPRECATED_OBJC_IMPLEMENTATIONS = YES;
				CLANG_WARN_DIRECT_OBJC_ISA_USAGE = YES_ERROR;
				CLANG_WARN_DOCUMENTATION_COMMENTS = YES;
				CLANG_WARN_EMPTY_BODY = YES;
				CLANG_WARN_ENUM_CONVERSION = YES;
				CLANG_WARN_INFINITE_RECURSION = YES;
				CLANG_WARN_INT_CONVERSION = YES;
				CLANG_WARN_NON_LITERAL_NULL_CONVERSION = YES;
				CLANG_WARN_OBJC_IMPLICIT_RETAIN_SELF = YES;
				CLANG_WARN_OBJC_LITERAL_CONVERSION = YES;
				CLANG_WARN_OBJC_ROOT_CLASS = YES_ERROR;
				CLANG_WARN_QUOTED_INCLUDE_IN_FRAMEWORK_HEADER = YES;
				CLANG_WARN_RANGE_LOOP_ANALYSIS = YES;
				CLANG_WARN_STRICT_PROTOTYPES = YES;
				CLANG_WARN_SUSPICIOUS_MOVE = YES;
				CLANG_WARN_UNGUARDED_AVAILABILITY = YES_AGGRESSIVE;
				CLANG_WARN_UNREACHABLE_CODE = YES;
				CLANG_WARN__DUPLICATE_METHOD_MATCH = YES;
				COPY_PHASE_STRIP = NO;
				DEAD_CODE_STRIPPING = YES;
				DEBUG_INFORMATION_FORMAT = dwarf;
				ENABLE_STRICT_OBJC_MSGSEND = YES;
				ENABLE_TESTABILITY = YES;
				GCC_C_LANGUAGE_STANDARD = gnu11;
				GCC_DYNAMIC_NO_PIC = NO;
				GCC_NO_COMMON_BLOCKS = YES;
				GCC_OPTIMIZATION_LEVEL = 0;
				GCC_PREPROCESSOR_DEFINITIONS = (
					"DEBUG=1",
					"$(inherited)",
				);
				GCC_WARN_64_TO_32_BIT_CONVERSION = YES;
				GCC_WARN_ABOUT_RETURN_TYPE = YES_ERROR;
				GCC_WARN_UNDECLARED_SELECTOR = YES;
				GCC_WARN_UNINITIALIZED_AUTOS = YES_AGGRESSIVE;
				GCC_WARN_UNUSED_FUNCTION = YES;
				GCC_WARN_UNUSED_VARIABLE = YES;
				MACOSX_DEPLOYMENT_TARGET = 12.3;
				MTL_ENABLE_DEBUG_INFO = INCLUDE_SOURCE;
				MTL_FAST_MATH = YES;
				ONLY_ACTIVE_ARCH = YES;
				SDKROOT = macosx;
				SWIFT_ACTIVE_COMPILATION_CONDITIONS = DEBUG;
				SWIFT_OPTIMIZATION_LEVEL = "-Onone";
			};
			name = Debug;
		};
		CBA0A61729014824002A49D7 /* Release */ = {
			isa = XCBuildConfiguration;
			buildSettings = {
				ALWAYS_SEARCH_USER_PATHS = NO;
				CLANG_ANALYZER_NONNULL = YES;
				CLANG_ANALYZER_NUMBER_OBJECT_CONVERSION = YES_AGGRESSIVE;
				CLANG_CXX_LANGUAGE_STANDARD = "gnu++20";
				CLANG_ENABLE_MODULES = YES;
				CLANG_ENABLE_OBJC_ARC = YES;
				CLANG_ENABLE_OBJC_WEAK = YES;
				CLANG_WARN_BLOCK_CAPTURE_AUTORELEASING = YES;
				CLANG_WARN_BOOL_CONVERSION = YES;
				CLANG_WARN_COMMA = YES;
				CLANG_WARN_CONSTANT_CONVERSION = YES;
				CLANG_WARN_DEPRECATED_OBJC_IMPLEMENTATIONS = YES;
				CLANG_WARN_DIRECT_OBJC_ISA_USAGE = YES_ERROR;
				CLANG_WARN_DOCUMENTATION_COMMENTS = YES;
				CLANG_WARN_EMPTY_BODY = YES;
				CLANG_WARN_ENUM_CONVERSION = YES;
				CLANG_WARN_INFINITE_RECURSION = YES;
				CLANG_WARN_INT_CONVERSION = YES;
				CLANG_WARN_NON_LITERAL_NULL_CONVERSION = YES;
				CLANG_WARN_OBJC_IMPLICIT_RETAIN_SELF = YES;
				CLANG_WARN_OBJC_LITERAL_CONVERSION = YES;
				CLANG_WARN_OBJC_ROOT_CLASS = YES_ERROR;
				CLANG_WARN_QUOTED_INCLUDE_IN_FRAMEWORK_HEADER = YES;
				CLANG_WARN_RANGE_LOOP_ANALYSIS = YES;
				CLANG_WARN_STRICT_PROTOTYPES = YES;
				CLANG_WARN_SUSPICIOUS_MOVE = YES;
				CLANG_WARN_UNGUARDED_AVAILABILITY = YES_AGGRESSIVE;
				CLANG_WARN_UNREACHABLE_CODE = YES;
				CLANG_WARN__DUPLICATE_METHOD_MATCH = YES;
				COPY_PHASE_STRIP = NO;
				DEAD_CODE_STRIPPING = YES;
				DEBUG_INFORMATION_FORMAT = "dwarf-with-dsym";
				ENABLE_NS_ASSERTIONS = NO;
				ENABLE_STRICT_OBJC_MSGSEND = YES;
				GCC_C_LANGUAGE_STANDARD = gnu11;
				GCC_NO_COMMON_BLOCKS = YES;
				GCC_WARN_64_TO_32_BIT_CONVERSION = YES;
				GCC_WARN_ABOUT_RETURN_TYPE = YES_ERROR;
				GCC_WARN_UNDECLARED_SELECTOR = YES;
				GCC_WARN_UNINITIALIZED_AUTOS = YES_AGGRESSIVE;
				GCC_WARN_UNUSED_FUNCTION = YES;
				GCC_WARN_UNUSED_VARIABLE = YES;
				MACOSX_DEPLOYMENT_TARGET = 12.3;
				MTL_ENABLE_DEBUG_INFO = NO;
				MTL_FAST_MATH = YES;
				SDKROOT = macosx;
				SWIFT_COMPILATION_MODE = wholemodule;
				SWIFT_OPTIMIZATION_LEVEL = "-O";
			};
			name = Release;
		};
		CBA0A61929014824002A49D7 /* Debug */ = {
			isa = XCBuildConfiguration;
			buildSettings = {
				ASSETCATALOG_COMPILER_APPICON_NAME = AppIcon;
				ASSETCATALOG_COMPILER_GLOBAL_ACCENT_COLOR_NAME = AccentColor;
				CODE_SIGN_ENTITLEMENTS = Paste/Paste.entitlements;
				CODE_SIGN_IDENTITY = "-";
				"CODE_SIGN_IDENTITY[sdk=macosx*]" = "Apple Development";
				CODE_SIGN_STYLE = Automatic;
				COMBINE_HIDPI_IMAGES = YES;
				CURRENT_PROJECT_VERSION = 1;
				DEAD_CODE_STRIPPING = YES;
				DEVELOPMENT_TEAM = R3C2Y7VA37;
				ENABLE_HARDENED_RUNTIME = YES;
				GENERATE_INFOPLIST_FILE = YES;
				INFOPLIST_FILE = Paste/Info.plist;
				INFOPLIST_KEY_CFBundleDisplayName = "剪切板";
				INFOPLIST_KEY_LSApplicationCategoryType = "public.app-category.utilities";
				INFOPLIST_KEY_LSUIElement = YES;
				INFOPLIST_KEY_NSHumanReadableCopyright = "";
				INFOPLIST_KEY_NSPrincipalClass = NSApplication;
				LD_RUNPATH_SEARCH_PATHS = (
					"$(inherited)",
					"@executable_path/../Frameworks",
				);
				MARKETING_VERSION = 1.0;
				PRODUCT_BUNDLE_IDENTIFIER = nanshanyi.Paste;
				PRODUCT_NAME = "$(TARGET_NAME)";
				SWIFT_EMIT_LOC_STRINGS = YES;
				SWIFT_VERSION = 5.0;
			};
			name = Debug;
		};
		CBA0A61A29014824002A49D7 /* Release */ = {
			isa = XCBuildConfiguration;
			buildSettings = {
				ASSETCATALOG_COMPILER_APPICON_NAME = AppIcon;
				ASSETCATALOG_COMPILER_GLOBAL_ACCENT_COLOR_NAME = AccentColor;
				CODE_SIGN_ENTITLEMENTS = Paste/Paste.entitlements;
				CODE_SIGN_IDENTITY = "-";
				"CODE_SIGN_IDENTITY[sdk=macosx*]" = "Apple Development";
				CODE_SIGN_STYLE = Automatic;
				COMBINE_HIDPI_IMAGES = YES;
				CURRENT_PROJECT_VERSION = 1;
				DEAD_CODE_STRIPPING = YES;
				DEVELOPMENT_TEAM = R3C2Y7VA37;
				ENABLE_HARDENED_RUNTIME = YES;
				GENERATE_INFOPLIST_FILE = YES;
				INFOPLIST_FILE = Paste/Info.plist;
				INFOPLIST_KEY_CFBundleDisplayName = "剪切板";
				INFOPLIST_KEY_LSApplicationCategoryType = "public.app-category.utilities";
				INFOPLIST_KEY_LSUIElement = YES;
				INFOPLIST_KEY_NSHumanReadableCopyright = "";
				INFOPLIST_KEY_NSPrincipalClass = NSApplication;
				LD_RUNPATH_SEARCH_PATHS = (
					"$(inherited)",
					"@executable_path/../Frameworks",
				);
				MARKETING_VERSION = 1.0;
				PRODUCT_BUNDLE_IDENTIFIER = nanshanyi.Paste;
				PRODUCT_NAME = "$(TARGET_NAME)";
				SWIFT_EMIT_LOC_STRINGS = YES;
				SWIFT_VERSION = 5.0;
			};
			name = Release;
		};
		CBA0A61C29014824002A49D7 /* Debug */ = {
			isa = XCBuildConfiguration;
			buildSettings = {
				ALWAYS_EMBED_SWIFT_STANDARD_LIBRARIES = YES;
				BUNDLE_LOADER = "$(TEST_HOST)";
				CODE_SIGN_STYLE = Automatic;
				CURRENT_PROJECT_VERSION = 1;
				DEAD_CODE_STRIPPING = YES;
				GENERATE_INFOPLIST_FILE = YES;
				MACOSX_DEPLOYMENT_TARGET = 12.3;
				MARKETING_VERSION = 1.0;
				PRODUCT_BUNDLE_IDENTIFIER = nanshanyi.PasteTests;
				PRODUCT_NAME = "$(TARGET_NAME)";
				SWIFT_EMIT_LOC_STRINGS = NO;
				SWIFT_VERSION = 5.0;
				TEST_HOST = "$(BUILT_PRODUCTS_DIR)/Paste.app/$(BUNDLE_EXECUTABLE_FOLDER_PATH)/Paste";
			};
			name = Debug;
		};
		CBA0A61D29014824002A49D7 /* Release */ = {
			isa = XCBuildConfiguration;
			buildSettings = {
				ALWAYS_EMBED_SWIFT_STANDARD_LIBRARIES = YES;
				BUNDLE_LOADER = "$(TEST_HOST)";
				CODE_SIGN_STYLE = Automatic;
				CURRENT_PROJECT_VERSION = 1;
				DEAD_CODE_STRIPPING = YES;
				GENERATE_INFOPLIST_FILE = YES;
				MACOSX_DEPLOYMENT_TARGET = 12.3;
				MARKETING_VERSION = 1.0;
				PRODUCT_BUNDLE_IDENTIFIER = nanshanyi.PasteTests;
				PRODUCT_NAME = "$(TARGET_NAME)";
				SWIFT_EMIT_LOC_STRINGS = NO;
				SWIFT_VERSION = 5.0;
				TEST_HOST = "$(BUILT_PRODUCTS_DIR)/Paste.app/$(BUNDLE_EXECUTABLE_FOLDER_PATH)/Paste";
			};
			name = Release;
		};
		CBA0A61F29014824002A49D7 /* Debug */ = {
			isa = XCBuildConfiguration;
			buildSettings = {
				ALWAYS_EMBED_SWIFT_STANDARD_LIBRARIES = YES;
				CODE_SIGN_STYLE = Automatic;
				CURRENT_PROJECT_VERSION = 1;
				DEAD_CODE_STRIPPING = YES;
				GENERATE_INFOPLIST_FILE = YES;
				MARKETING_VERSION = 1.0;
				PRODUCT_BUNDLE_IDENTIFIER = nanshanyi.PasteUITests;
				PRODUCT_NAME = "$(TARGET_NAME)";
				SWIFT_EMIT_LOC_STRINGS = NO;
				SWIFT_VERSION = 5.0;
				TEST_TARGET_NAME = Paste;
			};
			name = Debug;
		};
		CBA0A62029014824002A49D7 /* Release */ = {
			isa = XCBuildConfiguration;
			buildSettings = {
				ALWAYS_EMBED_SWIFT_STANDARD_LIBRARIES = YES;
				CODE_SIGN_STYLE = Automatic;
				CURRENT_PROJECT_VERSION = 1;
				DEAD_CODE_STRIPPING = YES;
				GENERATE_INFOPLIST_FILE = YES;
				MARKETING_VERSION = 1.0;
				PRODUCT_BUNDLE_IDENTIFIER = nanshanyi.PasteUITests;
				PRODUCT_NAME = "$(TARGET_NAME)";
				SWIFT_EMIT_LOC_STRINGS = NO;
				SWIFT_VERSION = 5.0;
				TEST_TARGET_NAME = Paste;
			};
			name = Release;
		};
/* End XCBuildConfiguration section */

/* Begin XCConfigurationList section */
		CBA0A5EE29014822002A49D7 /* Build configuration list for PBXProject "Paste" */ = {
			isa = XCConfigurationList;
			buildConfigurations = (
				CBA0A61629014824002A49D7 /* Debug */,
				CBA0A61729014824002A49D7 /* Release */,
			);
			defaultConfigurationIsVisible = 0;
			defaultConfigurationName = Release;
		};
		CBA0A61829014824002A49D7 /* Build configuration list for PBXNativeTarget "Paste" */ = {
			isa = XCConfigurationList;
			buildConfigurations = (
				CBA0A61929014824002A49D7 /* Debug */,
				CBA0A61A29014824002A49D7 /* Release */,
			);
			defaultConfigurationIsVisible = 0;
			defaultConfigurationName = Release;
		};
		CBA0A61B29014824002A49D7 /* Build configuration list for PBXNativeTarget "PasteTests" */ = {
			isa = XCConfigurationList;
			buildConfigurations = (
				CBA0A61C29014824002A49D7 /* Debug */,
				CBA0A61D29014824002A49D7 /* Release */,
			);
			defaultConfigurationIsVisible = 0;
			defaultConfigurationName = Release;
		};
		CBA0A61E29014824002A49D7 /* Build configuration list for PBXNativeTarget "PasteUITests" */ = {
			isa = XCConfigurationList;
			buildConfigurations = (
				CBA0A61F29014824002A49D7 /* Debug */,
				CBA0A62029014824002A49D7 /* Release */,
			);
			defaultConfigurationIsVisible = 0;
			defaultConfigurationName = Release;
		};
/* End XCConfigurationList section */

/* Begin XCRemoteSwiftPackageReference section */
		CB23F1272910C96C001EA923 /* XCRemoteSwiftPackageReference "SQLite.swift" */ = {
			isa = XCRemoteSwiftPackageReference;
			repositoryURL = "https://github.com/stephencelis/SQLite.swift.git";
			requirement = {
				kind = upToNextMajorVersion;
				minimumVersion = 0.9.2;
			};
		};
		CB96C6A8291B8B0D00AD5BD1 /* XCRemoteSwiftPackageReference "UIColor-Hex-Swift" */ = {
			isa = XCRemoteSwiftPackageReference;
			repositoryURL = "https://github.com/yeahdongcn/UIColor-Hex-Swift";
			requirement = {
				kind = upToNextMajorVersion;
				minimumVersion = 5.0.0;
			};
		};
		CB96C6B6291E208A00AD5BD1 /* XCRemoteSwiftPackageReference "SnapKit" */ = {
			isa = XCRemoteSwiftPackageReference;
			repositoryURL = "https://github.com/SnapKit/SnapKit.git";
			requirement = {
				kind = upToNextMajorVersion;
				minimumVersion = 5.0.0;
			};
		};
/* End XCRemoteSwiftPackageReference section */

/* Begin XCSwiftPackageProductDependency section */
		CB23F1282910C96C001EA923 /* SQLite */ = {
			isa = XCSwiftPackageProductDependency;
			package = CB23F1272910C96C001EA923 /* XCRemoteSwiftPackageReference "SQLite.swift" */;
			productName = SQLite;
		};
		CB96C6A9291B8B0D00AD5BD1 /* UIColorHexSwift */ = {
			isa = XCSwiftPackageProductDependency;
			package = CB96C6A8291B8B0D00AD5BD1 /* XCRemoteSwiftPackageReference "UIColor-Hex-Swift" */;
			productName = UIColorHexSwift;
		};
		CB96C6B7291E208A00AD5BD1 /* SnapKit */ = {
			isa = XCSwiftPackageProductDependency;
			package = CB96C6B6291E208A00AD5BD1 /* XCRemoteSwiftPackageReference "SnapKit" */;
			productName = SnapKit;
		};
/* End XCSwiftPackageProductDependency section */
	};
	rootObject = CBA0A5EB29014822002A49D7 /* Project object */;
}
